// !$*UTF8*$!
{
	archiveVersion = 1;
	classes = {
	};
	objectVersion = 51;
	objects = {

/* Begin PBXBuildFile section */
		01C6D2B38BB82F18A3E7DD94 /* UnsplashResponse.swift in Sources */ = {isa = PBXBuildFile; fileRef = B1E6F8015C52504F809C7F95 /* UnsplashResponse.swift */; };
		03975FA01D307C394E0EF26D /* Assets.xcassets in Resources */ = {isa = PBXBuildFile; fileRef = 37BCECCC9D4186667A730542 /* Assets.xcassets */; };
		048C3D4221B4FCC4D78804C6 /* apparel-ui.scene in Resources */ = {isa = PBXBuildFile; fileRef = C64817EEB50227930794F1E9 /* apparel-ui.scene */; };
		04DA28BA448DED94D883C8BD /* hand_fuck.svg in Resources */ = {isa = PBXBuildFile; fileRef = AFD1D145B69BDD00D49057E1 /* hand_fuck.svg */; };
		0AF29585D631D1708325A966 /* Showcase-ApparelUI.framework in Frameworks */ = {isa = PBXBuildFile; fileRef = ADA3189A7FE8654935ED5E34 /* Showcase-ApparelUI.framework */; };
		0B93B4BFF14DCB41E21B2D8B /* Guides.framework in Frameworks */ = {isa = PBXBuildFile; fileRef = 4014CA743312F1F4B1423F53 /* Guides.framework */; };
		0BF8BA3A8DC8F5EDAAA16428 /* Engine+.swift in Sources */ = {isa = PBXBuildFile; fileRef = 43189905E89578F505604887 /* Engine+.swift */; };
		0C32F7EAAD39E839834E54E1 /* jordan-mcqueen-u9tAl8WR3DI-unsplash.jpg in Resources */ = {isa = PBXBuildFile; fileRef = 231BA64140C750A97498EE6B /* jordan-mcqueen-u9tAl8WR3DI-unsplash.jpg */; };
		0D1CE2C9B33F0719711C0982 /* FontButton.swift in Sources */ = {isa = PBXBuildFile; fileRef = F4D8BD1573D813C20117B196 /* FontButton.swift */; };
		0F4DFF477B85E841D8E3B07D /* Showcase-ApparelUI.framework in Embed Frameworks */ = {isa = PBXBuildFile; fileRef = ADA3189A7FE8654935ED5E34 /* Showcase-ApparelUI.framework */; settings = {ATTRIBUTES = (CodeSignOnCopy, RemoveHeadersOnCopy, ); }; };
		111B132E4093EF26C7F8C952 /* jake-blucker-tMzCrBkM99Y-unsplash.jpg in Resources */ = {isa = PBXBuildFile; fileRef = 346FB4B033AD49AA74EC8B8B /* jake-blucker-tMzCrBkM99Y-unsplash.jpg */; };
		13077A74CEAA7FAF612C50B1 /* Media in Frameworks */ = {isa = PBXBuildFile; productRef = EAD82FE5511A7F71CCC81C25 /* Media */; };
		1347C83FB330949262F92BF4 /* KeyboardObserver in Frameworks */ = {isa = PBXBuildFile; productRef = DDDBEF35AF4F963F047D2C6B /* KeyboardObserver */; };
		1AB6C599AB79B23F9C3B4C7C /* AlertState.swift in Sources */ = {isa = PBXBuildFile; fileRef = 62B7905B6121B4BED12CF0E3 /* AlertState.swift */; };
		1B845CEADDD29340408EAB5C /* BlockAPI+.swift in Sources */ = {isa = PBXBuildFile; fileRef = 7C42E091D82CDE97507A6F9C /* BlockAPI+.swift */; };
		1FDB50FAEABB8E0D7B64B286 /* Assets.xcassets in Resources */ = {isa = PBXBuildFile; fileRef = BA509F54CCCE5E95305DB54B /* Assets.xcassets */; };
		20BF29AA915C43C501EB1935 /* SpotColors.swift in Sources */ = {isa = PBXBuildFile; fileRef = 3D30BCF86948CDDE9CD4A179 /* SpotColors.swift */; };
		21DCB5ED6B7A1F997FED8443 /* CustomAssetSource.swift in Sources */ = {isa = PBXBuildFile; fileRef = 120386EFD5B3E9434E364AF5 /* CustomAssetSource.swift */; };
		24A889546E08913CD9BECE7C /* TileLabelStyle.swift in Sources */ = {isa = PBXBuildFile; fileRef = 04E1DA4FBF75DD660286A796 /* TileLabelStyle.swift */; };
		298672B4A765D11FED0600C6 /* TextState.swift in Sources */ = {isa = PBXBuildFile; fileRef = A31F97C2038240144D8D751B /* TextState.swift */; };
		2A0EF2E6927F42BB2DB6DE2B /* CreateSceneFromImageBlob.swift in Sources */ = {isa = PBXBuildFile; fileRef = FD68EDF31A2BAE79066E2107 /* CreateSceneFromImageBlob.swift */; };
		2CEEFAE603AE37C913E6723C /* Canvas.swift in Sources */ = {isa = PBXBuildFile; fileRef = 7AF9805339721338F1975E27 /* Canvas.swift */; };
		2DD382E84D630937FE106BDE /* IntegrateWithSwiftUI.swift in Sources */ = {isa = PBXBuildFile; fileRef = 5BB52DDCE24B0550E3F08B51 /* IntegrateWithSwiftUI.swift */; };
		2E86FEFBE0633A9280EB83E8 /* carles-rabada-DD1fSz2HF1s-unsplash.jpg in Resources */ = {isa = PBXBuildFile; fileRef = 9D2AA3F2754E08B151D1E918 /* carles-rabada-DD1fSz2HF1s-unsplash.jpg */; };
		307655FB9F3355F8651358E7 /* ShowcasesApp.swift in Sources */ = {isa = PBXBuildFile; fileRef = ADD7BF25F30E9BB530B3B157 /* ShowcasesApp.swift */; };
		3399654AE81DF160382364F7 /* CanvasMenu.swift in Sources */ = {isa = PBXBuildFile; fileRef = 01B21E39DAFF657B99EDAE51 /* CanvasMenu.swift */; };
		33EE81B336F8CA0BE882A44D /* Scopes.swift in Sources */ = {isa = PBXBuildFile; fileRef = C48F7D45E899E896C1F43473 /* Scopes.swift */; };
		3436A52BE04365BAE9A99506 /* hand_five.svg in Resources */ = {isa = PBXBuildFile; fileRef = 816EB7399E33741F4E4704CA /* hand_five.svg */; };
		363FA69021F49C6422986599 /* StickerSheet.swift in Sources */ = {isa = PBXBuildFile; fileRef = AAF01577E1065BAB16675274 /* StickerSheet.swift */; };
		3714853925FFB06B75D5E99E /* OptionButtonStyle.swift in Sources */ = {isa = PBXBuildFile; fileRef = A1FCE83E354AC269A356D4D9 /* OptionButtonStyle.swift */; };
		3A5FDF37B4A415E97FB711C4 /* geran-de-klerk-WJkc3xZjSXw-unsplash.jpg in Resources */ = {isa = PBXBuildFile; fileRef = 4100216423DEA16B6DE88909 /* geran-de-klerk-WJkc3xZjSXw-unsplash.jpg */; };
		3EC2D432D518B962DAE40F3A /* PreviewProvider+.swift in Sources */ = {isa = PBXBuildFile; fileRef = 83CADA34820A317BFABDA5A5 /* PreviewProvider+.swift */; };
		42776D7C44D5106025CCBEB6 /* BottomToolbar.swift in Sources */ = {isa = PBXBuildFile; fileRef = A82621732292C8CEEE468B05 /* BottomToolbar.swift */; };
		432C2850972D9E3FFC6B29EF /* ContentView.swift in Sources */ = {isa = PBXBuildFile; fileRef = 883A1BACB3CBA8F48F31C067 /* ContentView.swift */; };
		47A2180BAB9D6999DFBB83FB /* IntegrateWithUIKit.swift in Sources */ = {isa = PBXBuildFile; fileRef = 1027ACAB1FC6EEED2A9A4F9D /* IntegrateWithUIKit.swift */; };
		4980367985994A7F5086DE18 /* LabelStyle+.swift in Sources */ = {isa = PBXBuildFile; fileRef = E3BFDF8FE7366E218589BE0D /* LabelStyle+.swift */; };
		4D07FEE8439E80ED9D72973D /* hand_friends.svg in Resources */ = {isa = PBXBuildFile; fileRef = 48AA14830BB41072BE6E5003 /* hand_friends.svg */; };
		4E058C672C1D07D03F359956 /* TextPropertyButton.swift in Sources */ = {isa = PBXBuildFile; fileRef = D6E982CFA3C5DAB6EAFDA383 /* TextPropertyButton.swift */; };
		4E72ED4EB76D646F29F28A05 /* WillDisappearHandler.swift in Sources */ = {isa = PBXBuildFile; fileRef = C6DD4F9D93A62013A391A675 /* WillDisappearHandler.swift */; };
		4F4CA2F39E0525C73EF0D82F /* StoreMetadata.swift in Sources */ = {isa = PBXBuildFile; fileRef = F8304E439B9101F0F2112CD2 /* StoreMetadata.swift */; };
		54E1DE1E6B543125D496E3A3 /* ErrorAlert.swift in Sources */ = {isa = PBXBuildFile; fileRef = 5E983C87CDB0D3D598C8D280 /* ErrorAlert.swift */; };
		564018F634A798A8D8E34618 /* BottomSheet.swift in Sources */ = {isa = PBXBuildFile; fileRef = B461123A1FE401BBB44CE03F /* BottomSheet.swift */; };
		5718C57B9AA61ECD7CBDAFC2 /* CreateSceneFromImageURL.swift in Sources */ = {isa = PBXBuildFile; fileRef = D715E2CEB9F91EB3F72074B1 /* CreateSceneFromImageURL.swift */; };
		5840955F2484A323AB10F9DF /* ArrangeOptions.swift in Sources */ = {isa = PBXBuildFile; fileRef = CC22CCEB6477FFB2F1B279C5 /* ArrangeOptions.swift */; };
		5A1E2DF5B81F324BAF68597C /* ampersand-creative-co-pp_oXEb2H48-unsplash.jpg in Resources */ = {isa = PBXBuildFile; fileRef = 06EB56F97A2E71B71597C83C /* ampersand-creative-co-pp_oXEb2H48-unsplash.jpg */; };
		5FC74BB967DDD8D84EF69308 /* RGBA+.swift in Sources */ = {isa = PBXBuildFile; fileRef = 9270E88568E733850A13685B /* RGBA+.swift */; };
		64C46FC3934EF49F1BBB31D2 /* ContentView.swift in Sources */ = {isa = PBXBuildFile; fileRef = A4F865F27FA2F6B907528102 /* ContentView.swift */; };
		663141D34B67C15C324CA30B /* UsingFills.swift in Sources */ = {isa = PBXBuildFile; fileRef = 1E4E8894A7F09C091F9CC989 /* UsingFills.swift */; };
		66A3AE3FAA64416E9D05E719 /* Geometry.swift in Sources */ = {isa = PBXBuildFile; fileRef = 0730483ABE4E42F9E684C94D /* Geometry.swift */; };
		67CB26412CAA9FE14884270E /* CanvasAction.swift in Sources */ = {isa = PBXBuildFile; fileRef = 35620FA34DD63BB1E3E339F7 /* CanvasAction.swift */; };
		68A9A10044996C1C64D36A31 /* SheetContentGeometryKey.swift in Sources */ = {isa = PBXBuildFile; fileRef = 3320053D82FCAF17EA2B727C /* SheetContentGeometryKey.swift */; };
		6DA4D2CC49FC029D0D716BDC /* PresentationDetent+.swift in Sources */ = {isa = PBXBuildFile; fileRef = BDAF596545BBC819E09F2381 /* PresentationDetent+.swift */; };
		70F875AA5E42374C4F3F1220 /* SheetMode.swift in Sources */ = {isa = PBXBuildFile; fileRef = B6DF612570365990FA998541 /* SheetMode.swift */; };
		71F86A46A505221E3D8E12B8 /* BatchMutable.swift in Sources */ = {isa = PBXBuildFile; fileRef = 4E8E8440769D2456CDACB5F7 /* BatchMutable.swift */; };
		7367A5C48A3FAA2D519B8F6A /* CanvasGeometryKey.swift in Sources */ = {isa = PBXBuildFile; fileRef = 94369F05B6CC78580C1C0948 /* CanvasGeometryKey.swift */; };
		78BB334D3189CAC0879367A5 /* ActivityView in Frameworks */ = {isa = PBXBuildFile; productRef = B764477365185EBA8944387E /* ActivityView */; };
		7A67F8FCE2C95B0C7E5633E6 /* TextSheet.swift in Sources */ = {isa = PBXBuildFile; fileRef = DF871D88DD893E0E778FCABF /* TextSheet.swift */; };
		7F37873498D0E3CE57ECD760 /* IMGLYEngine in Frameworks */ = {isa = PBXBuildFile; productRef = 50118933CCA23FF85773CFEA /* IMGLYEngine */; };
		80E634307153C1FB04136FE1 /* SaveSceneToArchive.swift in Sources */ = {isa = PBXBuildFile; fileRef = 7EE0EB9286163546FB380703 /* SaveSceneToArchive.swift */; };
		80F83C98009AA3507A55172C /* LoadSceneFromRemote.swift in Sources */ = {isa = PBXBuildFile; fileRef = A3DB715E1405C2F87FA79968 /* LoadSceneFromRemote.swift */; };
		82B8DB1F3B2AFE4D9E89C55E /* ShapeSheet.swift in Sources */ = {isa = PBXBuildFile; fileRef = 4EC6B5DCAE77BAF5185E32EA /* ShapeSheet.swift */; };
		85229845A1D6BC1FF654338C /* ColorOptions.swift in Sources */ = {isa = PBXBuildFile; fileRef = CE8F16505AF0D860EE02C471 /* ColorOptions.swift */; };
		88709A12DA59C0B4D88421BC /* SheetType.swift in Sources */ = {isa = PBXBuildFile; fileRef = 2C9C31192139CF468D1826EA /* SheetType.swift */; };
		8A32DC1FBBD7B6668791D363 /* etienne-bosiger-OWsdJ-MllYA-unsplash.jpg in Resources */ = {isa = PBXBuildFile; fileRef = 8A4A1BDB33EFE1DA60B11FD8 /* etienne-bosiger-OWsdJ-MllYA-unsplash.jpg */; };
		8BB2993B194C46C75C01895B /* LoadSceneFromString.swift in Sources */ = {isa = PBXBuildFile; fileRef = 69FC91BE8AE22A4802EEE13B /* LoadSceneFromString.swift */; };
		8E9C8D8CD4C4D497F15CA46A /* String+.swift in Sources */ = {isa = PBXBuildFile; fileRef = 1D909236F330F656E036C381 /* String+.swift */; };
		8F757F847FA52EB0A12E4B17 /* Localizable.swift in Sources */ = {isa = PBXBuildFile; fileRef = E01C9B2AE068E296676E7273 /* Localizable.swift */; };
		93A281249972085593F51AF1 /* SaveSceneToString.swift in Sources */ = {isa = PBXBuildFile; fileRef = B9F28E94E9E5E1FDD880847B /* SaveSceneToString.swift */; };
		94BB225F720137380A744047 /* Bundle+.swift in Sources */ = {isa = PBXBuildFile; fileRef = E5F9284633855FB767B7FF5D /* Bundle+.swift */; };
		9648279329D26A5A755981BA /* FontFamily.swift in Sources */ = {isa = PBXBuildFile; fileRef = ED47D459BD5D10E462D62272 /* FontFamily.swift */; };
		967B49E23A09E3636D6B4C39 /* Action.swift in Sources */ = {isa = PBXBuildFile; fileRef = E4BA473E1FE8910AA40FE44B /* Action.swift */; };
		96E4B99B7C1E222B6E8D1D0C /* IMGLYEngine in Frameworks */ = {isa = PBXBuildFile; productRef = 1261A56FCE69A7A2A21F9CAB /* IMGLYEngine */; };
		9728D4F446F3AD18E024C6F6 /* SheetState.swift in Sources */ = {isa = PBXBuildFile; fileRef = C74F15AE5BE618B0E96BEEA0 /* SheetState.swift */; };
		9ED67415724DE92DED75A40F /* SheetModePicker.swift in Sources */ = {isa = PBXBuildFile; fileRef = 8B1094DAD9DD83242C6BA937 /* SheetModePicker.swift */; };
		A1CEF19DE5E4240E4643FB5B /* ExportingBlocks.swift in Sources */ = {isa = PBXBuildFile; fileRef = 06EDC19E66D5B5467F7BD555 /* ExportingBlocks.swift */; };
		A35D6198F1D9B050CC537F01 /* Labelable.swift in Sources */ = {isa = PBXBuildFile; fileRef = B2EB27A62A515A7520092675 /* Labelable.swift */; };
		A958EA2DD24F17888681131E /* IdentifiableByHash.swift in Sources */ = {isa = PBXBuildFile; fileRef = E8CDBBCED783ED8A613AAACB /* IdentifiableByHash.swift */; };
		AB0B3BA5CE1062671928F507 /* hand_vibes.svg in Resources */ = {isa = PBXBuildFile; fileRef = 4D91A326DC839C4588D0C082 /* hand_vibes.svg */; };
		ADB3F2FFF8CF5FA4DFF1CA6C /* Interactor.swift in Sources */ = {isa = PBXBuildFile; fileRef = 9B7A3AA95656DF8EF6ECCE10 /* Interactor.swift */; };
		AEC6CA7FF9269F2AEA0D6353 /* SheetGeometryKey.swift in Sources */ = {isa = PBXBuildFile; fileRef = 66F63C3D5A7677083A8F713C /* SheetGeometryKey.swift */; };
		B3516693EC558A338D214901 /* CreateSceneFromScratch.swift in Sources */ = {isa = PBXBuildFile; fileRef = A444D6F3EA290E51BE49CEE7 /* CreateSceneFromScratch.swift */; };
		B85CAEDA56B91F1B8E9DACD8 /* TextProperty.swift in Sources */ = {isa = PBXBuildFile; fileRef = 616785B55674CC5EB954A62C /* TextProperty.swift */; };
		BA97F1183F97A14B202D4371 /* Font.swift in Sources */ = {isa = PBXBuildFile; fileRef = 217E9A7F3B4166B3B1D0B9A0 /* Font.swift */; };
		BB2D1B8CE714821F4B5CBF51 /* ImageSheet.swift in Sources */ = {isa = PBXBuildFile; fileRef = 068FF43EC943938B2B1D9238 /* ImageSheet.swift */; };
		BBDBA8B11CA8DB0851202439 /* SheetModel.swift in Sources */ = {isa = PBXBuildFile; fileRef = DDB98B549F0CCE6E4AD150ED /* SheetModel.swift */; };
		BF88FF80C744D741DD4AB275 /* DesignBlockType+.swift in Sources */ = {isa = PBXBuildFile; fileRef = C403DE81EAB40768623701B1 /* DesignBlockType+.swift */; };
		C144FB966AA35A575A9B94B9 /* Introspect in Frameworks */ = {isa = PBXBuildFile; productRef = 1B3E01894120109F7DE03CB8 /* Introspect */; };
		C6910D9492848FC71AD80929 /* Guides.framework in Embed Frameworks */ = {isa = PBXBuildFile; fileRef = 4014CA743312F1F4B1423F53 /* Guides.framework */; settings = {ATTRIBUTES = (CodeSignOnCopy, RemoveHeadersOnCopy, ); }; };
		C6EAA3E944414AF4C06EE924 /* ModifyingScenes.swift in Sources */ = {isa = PBXBuildFile; fileRef = ACFD93736092EB1FDF3BB328 /* ModifyingScenes.swift */; };
		C7E5EC17F7A54CCD8055CEC2 /* CGColor+.swift in Sources */ = {isa = PBXBuildFile; fileRef = BD6FC54102868983B2F02F0C /* CGColor+.swift */; };
		CA6BEB2E51B703265D8B1FE2 /* Secrets.swift in Sources */ = {isa = PBXBuildFile; fileRef = "TEMP_C31D2FD6-8D4C-4DDD-8053-1E175E20ACB5" /* Secrets.swift */; };
		CB2B6E3D5F5961EDB96F4457 /* View+.swift in Sources */ = {isa = PBXBuildFile; fileRef = DBC0834D911BDA3AC3819E38 /* View+.swift */; };
		D1375A61C73103334745EBBB /* ExportButton.swift in Sources */ = {isa = PBXBuildFile; fileRef = B2498AA92B70B2CD7DFA48E4 /* ExportButton.swift */; };
		D1772705B593D75B0E0A3186 /* HiddenIconLabelStyle.swift in Sources */ = {isa = PBXBuildFile; fileRef = D7827E5290E72958B5A98DAC /* HiddenIconLabelStyle.swift */; };
		D1E4B8537F8E4E96DA04FFE7 /* UsingEffects.swift in Sources */ = {isa = PBXBuildFile; fileRef = 0E96F71DE888B4541448012C /* UsingEffects.swift */; };
		D284F8FE0DF2700438B911CB /* CanvasMenuSizeKey.swift in Sources */ = {isa = PBXBuildFile; fileRef = F819BCA67125791C4E0FA6A2 /* CanvasMenuSizeKey.swift */; };
		D334144F58E0EDA67BBA768A /* ToolbarButtonStyle.swift in Sources */ = {isa = PBXBuildFile; fileRef = 4550E758B7F5A10ECC3A9B6D /* ToolbarButtonStyle.swift */; };
		D3B6373A78B0EA51922C7176 /* Error.swift in Sources */ = {isa = PBXBuildFile; fileRef = 36770617E9F1711A7A1E8F99 /* Error.swift */; };
		D49100E742EC2D04065ABDCF /* Sheet.swift in Sources */ = {isa = PBXBuildFile; fileRef = 531E063B52C74274431EE98F /* Sheet.swift */; };
		E429722A69D0827B0B60E71F /* AdaptiveLabelStyle.swift in Sources */ = {isa = PBXBuildFile; fileRef = A0554187C1DDE20D3BED05B1 /* AdaptiveLabelStyle.swift */; };
		E723861FE988850D931CA1AC /* ivana-cajina-HDd-NQ_AMNQ-unsplash.jpg in Resources */ = {isa = PBXBuildFile; fileRef = 58F362B546643754749815CB /* ivana-cajina-HDd-NQ_AMNQ-unsplash.jpg */; };
		EB1DA29327CAEEEF86D987BA /* LoadSceneFromBlob.swift in Sources */ = {isa = PBXBuildFile; fileRef = 64880165E882FEABEC9A49C0 /* LoadSceneFromBlob.swift */; };
		EF1CB7618FB82B337420D81B /* PrimitiveButtonStyle+.swift in Sources */ = {isa = PBXBuildFile; fileRef = 6DF1F7C07B4D8C86E3E72D48 /* PrimitiveButtonStyle+.swift */; };
		F01D7A479A245C347E269980 /* IMGLYEngine in Frameworks */ = {isa = PBXBuildFile; productRef = FAA5C98779456B21FB931E53 /* IMGLYEngine */; };
		F0A6B05C48E8B203FE55D817 /* ColorPropertyButton.swift in Sources */ = {isa = PBXBuildFile; fileRef = 271DDB21E81A7B35D9FE5A68 /* ColorPropertyButton.swift */; };
		F0AF9BFFEFF1ED48A93CD850 /* AssetLibrary.swift in Sources */ = {isa = PBXBuildFile; fileRef = E91E09A7109E12A1D49F8ADF /* AssetLibrary.swift */; };
		F5F1DB4AFBBA1A2C614F4D62 /* SaveSceneToBlob.swift in Sources */ = {isa = PBXBuildFile; fileRef = 5C74CFA2B3264E4E40580D2D /* SaveSceneToBlob.swift */; };
		FC8A611A836C13CB146AA137 /* URIResolver.swift in Sources */ = {isa = PBXBuildFile; fileRef = 0216897A60CB7924E76AC994 /* URIResolver.swift */; };
		FDAA7D80C2CC3C75D75AF37E /* ShapeState.swift in Sources */ = {isa = PBXBuildFile; fileRef = 7B22854931A82EFA447E1FE5 /* ShapeState.swift */; };
		FDC2D386C222D65412A58F5A /* PrincipalToolbar.swift in Sources */ = {isa = PBXBuildFile; fileRef = 14233C793A59FE567CE51E70 /* PrincipalToolbar.swift */; };
/* End PBXBuildFile section */

/* Begin PBXContainerItemProxy section */
		8763EA0466EFD0971413BA35 /* PBXContainerItemProxy */ = {
			isa = PBXContainerItemProxy;
			containerPortal = AA8555A8977E7AA9B19540FE /* Project object */;
			proxyType = 1;
			remoteGlobalIDString = 8E03A69C0651C90A7CBE307F;
			remoteInfo = Guides;
		};
		951E3565C9CBB49021854405 /* PBXContainerItemProxy */ = {
			isa = PBXContainerItemProxy;
			containerPortal = AA8555A8977E7AA9B19540FE /* Project object */;
			proxyType = 1;
			remoteGlobalIDString = 03F0C7200A0C61FC46DD61DD;
			remoteInfo = "Showcase-ApparelUI";
		};
/* End PBXContainerItemProxy section */

/* Begin PBXCopyFilesBuildPhase section */
		BA636AA715837F80E562DDEC /* Embed Frameworks */ = {
			isa = PBXCopyFilesBuildPhase;
			buildActionMask = 2147483647;
			dstPath = "";
			dstSubfolderSpec = 10;
			files = (
				C6910D9492848FC71AD80929 /* Guides.framework in Embed Frameworks */,
				0F4DFF477B85E841D8E3B07D /* Showcase-ApparelUI.framework in Embed Frameworks */,
			);
			name = "Embed Frameworks";
			runOnlyForDeploymentPostprocessing = 0;
		};
/* End PBXCopyFilesBuildPhase section */

/* Begin PBXFileReference section */
		01B21E39DAFF657B99EDAE51 /* CanvasMenu.swift */ = {isa = PBXFileReference; lastKnownFileType = sourcecode.swift; path = CanvasMenu.swift; sourceTree = "<group>"; };
		0216897A60CB7924E76AC994 /* URIResolver.swift */ = {isa = PBXFileReference; lastKnownFileType = sourcecode.swift; path = URIResolver.swift; sourceTree = "<group>"; };
		04E1DA4FBF75DD660286A796 /* TileLabelStyle.swift */ = {isa = PBXFileReference; lastKnownFileType = sourcecode.swift; path = TileLabelStyle.swift; sourceTree = "<group>"; };
		068FF43EC943938B2B1D9238 /* ImageSheet.swift */ = {isa = PBXFileReference; lastKnownFileType = sourcecode.swift; path = ImageSheet.swift; sourceTree = "<group>"; };
		06EB56F97A2E71B71597C83C /* ampersand-creative-co-pp_oXEb2H48-unsplash.jpg */ = {isa = PBXFileReference; lastKnownFileType = image.jpeg; path = "ampersand-creative-co-pp_oXEb2H48-unsplash.jpg"; sourceTree = "<group>"; };
		06EDC19E66D5B5467F7BD555 /* ExportingBlocks.swift */ = {isa = PBXFileReference; lastKnownFileType = sourcecode.swift; path = ExportingBlocks.swift; sourceTree = "<group>"; };
		0730483ABE4E42F9E684C94D /* Geometry.swift */ = {isa = PBXFileReference; lastKnownFileType = sourcecode.swift; path = Geometry.swift; sourceTree = "<group>"; };
		0E46FB7CEB411B5F37AA132B /* CESDK-Showcases.app */ = {isa = PBXFileReference; includeInIndex = 0; lastKnownFileType = wrapper.application; path = "CESDK-Showcases.app"; sourceTree = BUILT_PRODUCTS_DIR; };
		0E96F71DE888B4541448012C /* UsingEffects.swift */ = {isa = PBXFileReference; lastKnownFileType = sourcecode.swift; path = UsingEffects.swift; sourceTree = "<group>"; };
		1027ACAB1FC6EEED2A9A4F9D /* IntegrateWithUIKit.swift */ = {isa = PBXFileReference; lastKnownFileType = sourcecode.swift; path = IntegrateWithUIKit.swift; sourceTree = "<group>"; };
		120386EFD5B3E9434E364AF5 /* CustomAssetSource.swift */ = {isa = PBXFileReference; lastKnownFileType = sourcecode.swift; path = CustomAssetSource.swift; sourceTree = "<group>"; };
		14233C793A59FE567CE51E70 /* PrincipalToolbar.swift */ = {isa = PBXFileReference; lastKnownFileType = sourcecode.swift; path = PrincipalToolbar.swift; sourceTree = "<group>"; };
		1D909236F330F656E036C381 /* String+.swift */ = {isa = PBXFileReference; lastKnownFileType = sourcecode.swift; path = "String+.swift"; sourceTree = "<group>"; };
		1E4E8894A7F09C091F9CC989 /* UsingFills.swift */ = {isa = PBXFileReference; lastKnownFileType = sourcecode.swift; path = UsingFills.swift; sourceTree = "<group>"; };
		217E9A7F3B4166B3B1D0B9A0 /* Font.swift */ = {isa = PBXFileReference; lastKnownFileType = sourcecode.swift; path = Font.swift; sourceTree = "<group>"; };
		231BA64140C750A97498EE6B /* jordan-mcqueen-u9tAl8WR3DI-unsplash.jpg */ = {isa = PBXFileReference; lastKnownFileType = image.jpeg; path = "jordan-mcqueen-u9tAl8WR3DI-unsplash.jpg"; sourceTree = "<group>"; };
		271DDB21E81A7B35D9FE5A68 /* ColorPropertyButton.swift */ = {isa = PBXFileReference; lastKnownFileType = sourcecode.swift; path = ColorPropertyButton.swift; sourceTree = "<group>"; };
		2C9C31192139CF468D1826EA /* SheetType.swift */ = {isa = PBXFileReference; lastKnownFileType = sourcecode.swift; path = SheetType.swift; sourceTree = "<group>"; };
		3320053D82FCAF17EA2B727C /* SheetContentGeometryKey.swift */ = {isa = PBXFileReference; lastKnownFileType = sourcecode.swift; path = SheetContentGeometryKey.swift; sourceTree = "<group>"; };
		346FB4B033AD49AA74EC8B8B /* jake-blucker-tMzCrBkM99Y-unsplash.jpg */ = {isa = PBXFileReference; lastKnownFileType = image.jpeg; path = "jake-blucker-tMzCrBkM99Y-unsplash.jpg"; sourceTree = "<group>"; };
		35620FA34DD63BB1E3E339F7 /* CanvasAction.swift */ = {isa = PBXFileReference; lastKnownFileType = sourcecode.swift; path = CanvasAction.swift; sourceTree = "<group>"; };
		36770617E9F1711A7A1E8F99 /* Error.swift */ = {isa = PBXFileReference; lastKnownFileType = sourcecode.swift; path = Error.swift; sourceTree = "<group>"; };
		37BCECCC9D4186667A730542 /* Assets.xcassets */ = {isa = PBXFileReference; lastKnownFileType = folder.assetcatalog; path = Assets.xcassets; sourceTree = "<group>"; };
		3D30BCF86948CDDE9CD4A179 /* SpotColors.swift */ = {isa = PBXFileReference; lastKnownFileType = sourcecode.swift; path = SpotColors.swift; sourceTree = "<group>"; };
		4014CA743312F1F4B1423F53 /* Guides.framework */ = {isa = PBXFileReference; explicitFileType = wrapper.framework; includeInIndex = 0; path = Guides.framework; sourceTree = BUILT_PRODUCTS_DIR; };
		4100216423DEA16B6DE88909 /* geran-de-klerk-WJkc3xZjSXw-unsplash.jpg */ = {isa = PBXFileReference; lastKnownFileType = image.jpeg; path = "geran-de-klerk-WJkc3xZjSXw-unsplash.jpg"; sourceTree = "<group>"; };
		43189905E89578F505604887 /* Engine+.swift */ = {isa = PBXFileReference; lastKnownFileType = sourcecode.swift; path = "Engine+.swift"; sourceTree = "<group>"; };
		4550E758B7F5A10ECC3A9B6D /* ToolbarButtonStyle.swift */ = {isa = PBXFileReference; lastKnownFileType = sourcecode.swift; path = ToolbarButtonStyle.swift; sourceTree = "<group>"; };
		48AA14830BB41072BE6E5003 /* hand_friends.svg */ = {isa = PBXFileReference; path = hand_friends.svg; sourceTree = "<group>"; };
		4D91A326DC839C4588D0C082 /* hand_vibes.svg */ = {isa = PBXFileReference; path = hand_vibes.svg; sourceTree = "<group>"; };
		4E8E8440769D2456CDACB5F7 /* BatchMutable.swift */ = {isa = PBXFileReference; lastKnownFileType = sourcecode.swift; path = BatchMutable.swift; sourceTree = "<group>"; };
		4EC6B5DCAE77BAF5185E32EA /* ShapeSheet.swift */ = {isa = PBXFileReference; lastKnownFileType = sourcecode.swift; path = ShapeSheet.swift; sourceTree = "<group>"; };
		531E063B52C74274431EE98F /* Sheet.swift */ = {isa = PBXFileReference; lastKnownFileType = sourcecode.swift; path = Sheet.swift; sourceTree = "<group>"; };
		58F362B546643754749815CB /* ivana-cajina-HDd-NQ_AMNQ-unsplash.jpg */ = {isa = PBXFileReference; lastKnownFileType = image.jpeg; path = "ivana-cajina-HDd-NQ_AMNQ-unsplash.jpg"; sourceTree = "<group>"; };
		5BB52DDCE24B0550E3F08B51 /* IntegrateWithSwiftUI.swift */ = {isa = PBXFileReference; lastKnownFileType = sourcecode.swift; path = IntegrateWithSwiftUI.swift; sourceTree = "<group>"; };
		5C74CFA2B3264E4E40580D2D /* SaveSceneToBlob.swift */ = {isa = PBXFileReference; lastKnownFileType = sourcecode.swift; path = SaveSceneToBlob.swift; sourceTree = "<group>"; };
		5E983C87CDB0D3D598C8D280 /* ErrorAlert.swift */ = {isa = PBXFileReference; lastKnownFileType = sourcecode.swift; path = ErrorAlert.swift; sourceTree = "<group>"; };
		616785B55674CC5EB954A62C /* TextProperty.swift */ = {isa = PBXFileReference; lastKnownFileType = sourcecode.swift; path = TextProperty.swift; sourceTree = "<group>"; };
		62B7905B6121B4BED12CF0E3 /* AlertState.swift */ = {isa = PBXFileReference; lastKnownFileType = sourcecode.swift; path = AlertState.swift; sourceTree = "<group>"; };
		64880165E882FEABEC9A49C0 /* LoadSceneFromBlob.swift */ = {isa = PBXFileReference; lastKnownFileType = sourcecode.swift; path = LoadSceneFromBlob.swift; sourceTree = "<group>"; };
		66F63C3D5A7677083A8F713C /* SheetGeometryKey.swift */ = {isa = PBXFileReference; lastKnownFileType = sourcecode.swift; path = SheetGeometryKey.swift; sourceTree = "<group>"; };
		69FC91BE8AE22A4802EEE13B /* LoadSceneFromString.swift */ = {isa = PBXFileReference; lastKnownFileType = sourcecode.swift; path = LoadSceneFromString.swift; sourceTree = "<group>"; };
		6DF1F7C07B4D8C86E3E72D48 /* PrimitiveButtonStyle+.swift */ = {isa = PBXFileReference; lastKnownFileType = sourcecode.swift; path = "PrimitiveButtonStyle+.swift"; sourceTree = "<group>"; };
		7AF9805339721338F1975E27 /* Canvas.swift */ = {isa = PBXFileReference; lastKnownFileType = sourcecode.swift; path = Canvas.swift; sourceTree = "<group>"; };
		7B22854931A82EFA447E1FE5 /* ShapeState.swift */ = {isa = PBXFileReference; lastKnownFileType = sourcecode.swift; path = ShapeState.swift; sourceTree = "<group>"; };
		7C42E091D82CDE97507A6F9C /* BlockAPI+.swift */ = {isa = PBXFileReference; lastKnownFileType = sourcecode.swift; path = "BlockAPI+.swift"; sourceTree = "<group>"; };
		7EE0EB9286163546FB380703 /* SaveSceneToArchive.swift */ = {isa = PBXFileReference; lastKnownFileType = sourcecode.swift; path = SaveSceneToArchive.swift; sourceTree = "<group>"; };
		816EB7399E33741F4E4704CA /* hand_five.svg */ = {isa = PBXFileReference; path = hand_five.svg; sourceTree = "<group>"; };
		83CADA34820A317BFABDA5A5 /* PreviewProvider+.swift */ = {isa = PBXFileReference; lastKnownFileType = sourcecode.swift; path = "PreviewProvider+.swift"; sourceTree = "<group>"; };
		883A1BACB3CBA8F48F31C067 /* ContentView.swift */ = {isa = PBXFileReference; lastKnownFileType = sourcecode.swift; path = ContentView.swift; sourceTree = "<group>"; };
		8A4A1BDB33EFE1DA60B11FD8 /* etienne-bosiger-OWsdJ-MllYA-unsplash.jpg */ = {isa = PBXFileReference; lastKnownFileType = image.jpeg; path = "etienne-bosiger-OWsdJ-MllYA-unsplash.jpg"; sourceTree = "<group>"; };
		8B1094DAD9DD83242C6BA937 /* SheetModePicker.swift */ = {isa = PBXFileReference; lastKnownFileType = sourcecode.swift; path = SheetModePicker.swift; sourceTree = "<group>"; };
		9270E88568E733850A13685B /* RGBA+.swift */ = {isa = PBXFileReference; lastKnownFileType = sourcecode.swift; path = "RGBA+.swift"; sourceTree = "<group>"; };
		94369F05B6CC78580C1C0948 /* CanvasGeometryKey.swift */ = {isa = PBXFileReference; lastKnownFileType = sourcecode.swift; path = CanvasGeometryKey.swift; sourceTree = "<group>"; };
		9B7A3AA95656DF8EF6ECCE10 /* Interactor.swift */ = {isa = PBXFileReference; lastKnownFileType = sourcecode.swift; path = Interactor.swift; sourceTree = "<group>"; };
		9D2AA3F2754E08B151D1E918 /* carles-rabada-DD1fSz2HF1s-unsplash.jpg */ = {isa = PBXFileReference; lastKnownFileType = image.jpeg; path = "carles-rabada-DD1fSz2HF1s-unsplash.jpg"; sourceTree = "<group>"; };
		A0554187C1DDE20D3BED05B1 /* AdaptiveLabelStyle.swift */ = {isa = PBXFileReference; lastKnownFileType = sourcecode.swift; path = AdaptiveLabelStyle.swift; sourceTree = "<group>"; };
		A1FCE83E354AC269A356D4D9 /* OptionButtonStyle.swift */ = {isa = PBXFileReference; lastKnownFileType = sourcecode.swift; path = OptionButtonStyle.swift; sourceTree = "<group>"; };
		A31F97C2038240144D8D751B /* TextState.swift */ = {isa = PBXFileReference; lastKnownFileType = sourcecode.swift; path = TextState.swift; sourceTree = "<group>"; };
		A3DB715E1405C2F87FA79968 /* LoadSceneFromRemote.swift */ = {isa = PBXFileReference; lastKnownFileType = sourcecode.swift; path = LoadSceneFromRemote.swift; sourceTree = "<group>"; };
		A444D6F3EA290E51BE49CEE7 /* CreateSceneFromScratch.swift */ = {isa = PBXFileReference; lastKnownFileType = sourcecode.swift; path = CreateSceneFromScratch.swift; sourceTree = "<group>"; };
		A4F865F27FA2F6B907528102 /* ContentView.swift */ = {isa = PBXFileReference; lastKnownFileType = sourcecode.swift; path = ContentView.swift; sourceTree = "<group>"; };
		A82621732292C8CEEE468B05 /* BottomToolbar.swift */ = {isa = PBXFileReference; lastKnownFileType = sourcecode.swift; path = BottomToolbar.swift; sourceTree = "<group>"; };
		AAF01577E1065BAB16675274 /* StickerSheet.swift */ = {isa = PBXFileReference; lastKnownFileType = sourcecode.swift; path = StickerSheet.swift; sourceTree = "<group>"; };
		ACFD93736092EB1FDF3BB328 /* ModifyingScenes.swift */ = {isa = PBXFileReference; lastKnownFileType = sourcecode.swift; path = ModifyingScenes.swift; sourceTree = "<group>"; };
		ADA3189A7FE8654935ED5E34 /* Showcase-ApparelUI.framework */ = {isa = PBXFileReference; explicitFileType = wrapper.framework; includeInIndex = 0; path = "Showcase-ApparelUI.framework"; sourceTree = BUILT_PRODUCTS_DIR; };
		ADD7BF25F30E9BB530B3B157 /* ShowcasesApp.swift */ = {isa = PBXFileReference; lastKnownFileType = sourcecode.swift; path = ShowcasesApp.swift; sourceTree = "<group>"; };
		AFD1D145B69BDD00D49057E1 /* hand_fuck.svg */ = {isa = PBXFileReference; path = hand_fuck.svg; sourceTree = "<group>"; };
		B1E6F8015C52504F809C7F95 /* UnsplashResponse.swift */ = {isa = PBXFileReference; lastKnownFileType = sourcecode.swift; path = UnsplashResponse.swift; sourceTree = "<group>"; };
		B2498AA92B70B2CD7DFA48E4 /* ExportButton.swift */ = {isa = PBXFileReference; lastKnownFileType = sourcecode.swift; path = ExportButton.swift; sourceTree = "<group>"; };
		B2EB27A62A515A7520092675 /* Labelable.swift */ = {isa = PBXFileReference; lastKnownFileType = sourcecode.swift; path = Labelable.swift; sourceTree = "<group>"; };
		B461123A1FE401BBB44CE03F /* BottomSheet.swift */ = {isa = PBXFileReference; lastKnownFileType = sourcecode.swift; path = BottomSheet.swift; sourceTree = "<group>"; };
		B6DF612570365990FA998541 /* SheetMode.swift */ = {isa = PBXFileReference; lastKnownFileType = sourcecode.swift; path = SheetMode.swift; sourceTree = "<group>"; };
		B9F28E94E9E5E1FDD880847B /* SaveSceneToString.swift */ = {isa = PBXFileReference; lastKnownFileType = sourcecode.swift; path = SaveSceneToString.swift; sourceTree = "<group>"; };
		BA509F54CCCE5E95305DB54B /* Assets.xcassets */ = {isa = PBXFileReference; lastKnownFileType = folder.assetcatalog; path = Assets.xcassets; sourceTree = "<group>"; };
		BD6FC54102868983B2F02F0C /* CGColor+.swift */ = {isa = PBXFileReference; lastKnownFileType = sourcecode.swift; path = "CGColor+.swift"; sourceTree = "<group>"; };
		BDAF596545BBC819E09F2381 /* PresentationDetent+.swift */ = {isa = PBXFileReference; lastKnownFileType = sourcecode.swift; path = "PresentationDetent+.swift"; sourceTree = "<group>"; };
		C403DE81EAB40768623701B1 /* DesignBlockType+.swift */ = {isa = PBXFileReference; lastKnownFileType = sourcecode.swift; path = "DesignBlockType+.swift"; sourceTree = "<group>"; };
		C48F7D45E899E896C1F43473 /* Scopes.swift */ = {isa = PBXFileReference; lastKnownFileType = sourcecode.swift; path = Scopes.swift; sourceTree = "<group>"; };
		C64817EEB50227930794F1E9 /* apparel-ui.scene */ = {isa = PBXFileReference; path = "apparel-ui.scene"; sourceTree = "<group>"; };
		C6DD4F9D93A62013A391A675 /* WillDisappearHandler.swift */ = {isa = PBXFileReference; lastKnownFileType = sourcecode.swift; path = WillDisappearHandler.swift; sourceTree = "<group>"; };
		C74F15AE5BE618B0E96BEEA0 /* SheetState.swift */ = {isa = PBXFileReference; lastKnownFileType = sourcecode.swift; path = SheetState.swift; sourceTree = "<group>"; };
		CC22CCEB6477FFB2F1B279C5 /* ArrangeOptions.swift */ = {isa = PBXFileReference; lastKnownFileType = sourcecode.swift; path = ArrangeOptions.swift; sourceTree = "<group>"; };
		CE8F16505AF0D860EE02C471 /* ColorOptions.swift */ = {isa = PBXFileReference; lastKnownFileType = sourcecode.swift; path = ColorOptions.swift; sourceTree = "<group>"; };
		D6E982CFA3C5DAB6EAFDA383 /* TextPropertyButton.swift */ = {isa = PBXFileReference; lastKnownFileType = sourcecode.swift; path = TextPropertyButton.swift; sourceTree = "<group>"; };
		D715E2CEB9F91EB3F72074B1 /* CreateSceneFromImageURL.swift */ = {isa = PBXFileReference; lastKnownFileType = sourcecode.swift; path = CreateSceneFromImageURL.swift; sourceTree = "<group>"; };
		D7827E5290E72958B5A98DAC /* HiddenIconLabelStyle.swift */ = {isa = PBXFileReference; lastKnownFileType = sourcecode.swift; path = HiddenIconLabelStyle.swift; sourceTree = "<group>"; };
		DBC0834D911BDA3AC3819E38 /* View+.swift */ = {isa = PBXFileReference; lastKnownFileType = sourcecode.swift; path = "View+.swift"; sourceTree = "<group>"; };
		DDB98B549F0CCE6E4AD150ED /* SheetModel.swift */ = {isa = PBXFileReference; lastKnownFileType = sourcecode.swift; path = SheetModel.swift; sourceTree = "<group>"; };
		DF871D88DD893E0E778FCABF /* TextSheet.swift */ = {isa = PBXFileReference; lastKnownFileType = sourcecode.swift; path = TextSheet.swift; sourceTree = "<group>"; };
		E01C9B2AE068E296676E7273 /* Localizable.swift */ = {isa = PBXFileReference; lastKnownFileType = sourcecode.swift; path = Localizable.swift; sourceTree = "<group>"; };
		E3BFDF8FE7366E218589BE0D /* LabelStyle+.swift */ = {isa = PBXFileReference; lastKnownFileType = sourcecode.swift; path = "LabelStyle+.swift"; sourceTree = "<group>"; };
		E4BA473E1FE8910AA40FE44B /* Action.swift */ = {isa = PBXFileReference; lastKnownFileType = sourcecode.swift; path = Action.swift; sourceTree = "<group>"; };
		E5F9284633855FB767B7FF5D /* Bundle+.swift */ = {isa = PBXFileReference; lastKnownFileType = sourcecode.swift; path = "Bundle+.swift"; sourceTree = "<group>"; };
		E8CDBBCED783ED8A613AAACB /* IdentifiableByHash.swift */ = {isa = PBXFileReference; lastKnownFileType = sourcecode.swift; path = IdentifiableByHash.swift; sourceTree = "<group>"; };
		E91E09A7109E12A1D49F8ADF /* AssetLibrary.swift */ = {isa = PBXFileReference; lastKnownFileType = sourcecode.swift; path = AssetLibrary.swift; sourceTree = "<group>"; };
		ED47D459BD5D10E462D62272 /* FontFamily.swift */ = {isa = PBXFileReference; lastKnownFileType = sourcecode.swift; path = FontFamily.swift; sourceTree = "<group>"; };
		F4D8BD1573D813C20117B196 /* FontButton.swift */ = {isa = PBXFileReference; lastKnownFileType = sourcecode.swift; path = FontButton.swift; sourceTree = "<group>"; };
		F819BCA67125791C4E0FA6A2 /* CanvasMenuSizeKey.swift */ = {isa = PBXFileReference; lastKnownFileType = sourcecode.swift; path = CanvasMenuSizeKey.swift; sourceTree = "<group>"; };
		F8304E439B9101F0F2112CD2 /* StoreMetadata.swift */ = {isa = PBXFileReference; lastKnownFileType = sourcecode.swift; path = StoreMetadata.swift; sourceTree = "<group>"; };
		FD68EDF31A2BAE79066E2107 /* CreateSceneFromImageBlob.swift */ = {isa = PBXFileReference; lastKnownFileType = sourcecode.swift; path = CreateSceneFromImageBlob.swift; sourceTree = "<group>"; };
		"TEMP_C31D2FD6-8D4C-4DDD-8053-1E175E20ACB5" /* Secrets.swift */ = {isa = PBXFileReference; lastKnownFileType = sourcecode.swift; path = Secrets.swift; sourceTree = "<group>"; };
/* End PBXFileReference section */

/* Begin PBXFrameworksBuildPhase section */
		4C1AC977A8A745F5E0975FEE /* Frameworks */ = {
			isa = PBXFrameworksBuildPhase;
			buildActionMask = 2147483647;
			files = (
				7F37873498D0E3CE57ECD760 /* IMGLYEngine in Frameworks */,
			);
			runOnlyForDeploymentPostprocessing = 0;
		};
		AC79EDF03C03378B77CB04FA /* Frameworks */ = {
			isa = PBXFrameworksBuildPhase;
			buildActionMask = 2147483647;
			files = (
				96E4B99B7C1E222B6E8D1D0C /* IMGLYEngine in Frameworks */,
				13077A74CEAA7FAF612C50B1 /* Media in Frameworks */,
				78BB334D3189CAC0879367A5 /* ActivityView in Frameworks */,
				C144FB966AA35A575A9B94B9 /* Introspect in Frameworks */,
				1347C83FB330949262F92BF4 /* KeyboardObserver in Frameworks */,
			);
			runOnlyForDeploymentPostprocessing = 0;
		};
		B24AD0D444D075317A787EFD /* Frameworks */ = {
			isa = PBXFrameworksBuildPhase;
			buildActionMask = 2147483647;
			files = (
				F01D7A479A245C347E269980 /* IMGLYEngine in Frameworks */,
				0B93B4BFF14DCB41E21B2D8B /* Guides.framework in Frameworks */,
				0AF29585D631D1708325A966 /* Showcase-ApparelUI.framework in Frameworks */,
			);
			runOnlyForDeploymentPostprocessing = 0;
		};
/* End PBXFrameworksBuildPhase section */

/* Begin PBXGroup section */
		06EACBA6F0066170370F5E34 /* showcase-apparel-ui */ = {
			isa = PBXGroup;
			children = (
				E91E09A7109E12A1D49F8ADF /* AssetLibrary.swift */,
				37BCECCC9D4186667A730542 /* Assets.xcassets */,
				4F9A17217FB55727E30E8743 /* assets */,
				E2BB08299BD2039A8EB0CE62 /* Extension */,
				217560B22F00FEF079108B22 /* Interactor */,
				77FC495F4C858B97E0368E42 /* Model */,
				426C38B1FBF11F9D6E4C28A7 /* Preference */,
				278311B77E1930AD7F375193 /* Protocol */,
				A05F8CD13ED5B8AA789C9323 /* Style */,
				FF6CE548BAA46FD8BAC836F1 /* View */,
			);
			path = "showcase-apparel-ui";
			sourceTree = "<group>";
		};
		0857CAE8E01659D01AB5D713 /* Products */ = {
			isa = PBXGroup;
			children = (
				0E46FB7CEB411B5F37AA132B /* CESDK-Showcases.app */,
				4014CA743312F1F4B1423F53 /* Guides.framework */,
				ADA3189A7FE8654935ED5E34 /* Showcase-ApparelUI.framework */,
			);
			name = Products;
			sourceTree = "<group>";
		};
		17668B475F84FBE03AEB5DE6 /* integrate-with-swiftui */ = {
			isa = PBXGroup;
			children = (
				5BB52DDCE24B0550E3F08B51 /* IntegrateWithSwiftUI.swift */,
			);
			path = "integrate-with-swiftui";
			sourceTree = "<group>";
		};
		1DC3A24E22E57D14A307C06E /* guides-uri-resolver */ = {
			isa = PBXGroup;
			children = (
				0216897A60CB7924E76AC994 /* URIResolver.swift */,
			);
			path = "guides-uri-resolver";
			sourceTree = "<group>";
		};
		217560B22F00FEF079108B22 /* Interactor */ = {
			isa = PBXGroup;
			children = (
				9B7A3AA95656DF8EF6ECCE10 /* Interactor.swift */,
				F6CD0F2F04D98DEE00B4B34F /* Engine */,
				9C093D73EA76EF1BFFFEF849 /* State */,
			);
			path = Interactor;
			sourceTree = "<group>";
		};
		25C45D7453C28C8E29CD46EE /* guides-using-fills */ = {
			isa = PBXGroup;
			children = (
				1E4E8894A7F09C091F9CC989 /* UsingFills.swift */,
			);
			path = "guides-using-fills";
			sourceTree = "<group>";
		};
		278311B77E1930AD7F375193 /* Protocol */ = {
			isa = PBXGroup;
			children = (
				4E8E8440769D2456CDACB5F7 /* BatchMutable.swift */,
				E8CDBBCED783ED8A613AAACB /* IdentifiableByHash.swift */,
				B2EB27A62A515A7520092675 /* Labelable.swift */,
				E01C9B2AE068E296676E7273 /* Localizable.swift */,
			);
			path = Protocol;
			sourceTree = "<group>";
		};
		34C83CCAEC12E94A318398FC /* guides-using-effects */ = {
			isa = PBXGroup;
			children = (
				0E96F71DE888B4541448012C /* UsingEffects.swift */,
			);
			path = "guides-using-effects";
			sourceTree = "<group>";
		};
		35BFC39C45FC975EB3BFF0F8 /* engine-guides-create-scene-from-image-url */ = {
			isa = PBXGroup;
			children = (
				D715E2CEB9F91EB3F72074B1 /* CreateSceneFromImageURL.swift */,
			);
			path = "engine-guides-create-scene-from-image-url";
			sourceTree = "<group>";
		};
		3C69826BBAA43A3BF7E26D5A /* engine-guides-load-scene-from-blob */ = {
			isa = PBXGroup;
			children = (
				64880165E882FEABEC9A49C0 /* LoadSceneFromBlob.swift */,
			);
			path = "engine-guides-load-scene-from-blob";
			sourceTree = "<group>";
		};
		426C38B1FBF11F9D6E4C28A7 /* Preference */ = {
			isa = PBXGroup;
			children = (
				94369F05B6CC78580C1C0948 /* CanvasGeometryKey.swift */,
				F819BCA67125791C4E0FA6A2 /* CanvasMenuSizeKey.swift */,
				3320053D82FCAF17EA2B727C /* SheetContentGeometryKey.swift */,
				66F63C3D5A7677083A8F713C /* SheetGeometryKey.swift */,
			);
			path = Preference;
			sourceTree = "<group>";
		};
		4F9A17217FB55727E30E8743 /* assets */ = {
			isa = PBXGroup;
			children = (
				C64817EEB50227930794F1E9 /* apparel-ui.scene */,
				B482CBB009A531828AFE4BA2 /* image */,
				BC0DFF3E3A2A13F1765284B4 /* sticker */,
			);
			path = assets;
			sourceTree = "<group>";
		};
		541FD12877DF0DB7FC62B716 /* guides-store-metadata */ = {
			isa = PBXGroup;
			children = (
				F8304E439B9101F0F2112CD2 /* StoreMetadata.swift */,
			);
			path = "guides-store-metadata";
			sourceTree = "<group>";
		};
		56ED0F8C3D1AABDC35E5C3DE /* Button */ = {
			isa = PBXGroup;
			children = (
				A1FCE83E354AC269A356D4D9 /* OptionButtonStyle.swift */,
				4550E758B7F5A10ECC3A9B6D /* ToolbarButtonStyle.swift */,
			);
			path = Button;
			sourceTree = "<group>";
		};
		59320AFA5BAF206D9942374B /* Main */ = {
			isa = PBXGroup;
			children = (
				883A1BACB3CBA8F48F31C067 /* ContentView.swift */,
			);
			path = Main;
			sourceTree = "<group>";
		};
		5E588F293B559CE72E5FD9DC /* Label */ = {
			isa = PBXGroup;
			children = (
				A0554187C1DDE20D3BED05B1 /* AdaptiveLabelStyle.swift */,
				D7827E5290E72958B5A98DAC /* HiddenIconLabelStyle.swift */,
				04E1DA4FBF75DD660286A796 /* TileLabelStyle.swift */,
			);
			path = Label;
			sourceTree = "<group>";
		};
		66A0FCE32D6EAEB6109BF4A7 /* guides-engine-exporting-blocks */ = {
			isa = PBXGroup;
			children = (
				06EDC19E66D5B5467F7BD555 /* ExportingBlocks.swift */,
			);
			path = "guides-engine-exporting-blocks";
			sourceTree = "<group>";
		};
		685B2D151DA5CADDF5F42882 /* Button */ = {
			isa = PBXGroup;
			children = (
				271DDB21E81A7B35D9FE5A68 /* ColorPropertyButton.swift */,
				B2498AA92B70B2CD7DFA48E4 /* ExportButton.swift */,
				F4D8BD1573D813C20117B196 /* FontButton.swift */,
				D6E982CFA3C5DAB6EAFDA383 /* TextPropertyButton.swift */,
			);
			path = Button;
			sourceTree = "<group>";
		};
		70626161758B70813AF43B5F = {
			isa = PBXGroup;
			children = (
				CA4B59C49B2229DE35FC8EB7 /* engine-guides-create-scene-from-image-blob */,
				35BFC39C45FC975EB3BFF0F8 /* engine-guides-create-scene-from-image-url */,
				BF0890538DFBAAAB3FBA7AE4 /* engine-guides-create-scene-from-scratch */,
				3C69826BBAA43A3BF7E26D5A /* engine-guides-load-scene-from-blob */,
				BFD8A14F30509AA48AEA2E5D /* engine-guides-load-scene-from-remote */,
				BFF584DC1C37B2382BC2A3C1 /* engine-guides-load-scene-from-string */,
				9280B544468AEE47D6AA05CC /* engine-guides-save-scene-to-archive */,
				F419E08B896C5BECF27A7AB5 /* engine-guides-save-scene-to-blob */,
				9DFA8FADF930A0DC0A907B11 /* engine-guides-save-scene-to-string */,
				9C85370DE7F0B283E00BDF80 /* engine-guides-spot-colors */,
				C70D45E34D2022E6799F149A /* guides-engine-custom-asset-source */,
				66A0FCE32D6EAEB6109BF4A7 /* guides-engine-exporting-blocks */,
				7E07C6A89DAB2F937A85AC11 /* guides-engine-modifying-scenes */,
				AC0F9DC34570688AF133B276 /* guides-scopes */,
				541FD12877DF0DB7FC62B716 /* guides-store-metadata */,
				1DC3A24E22E57D14A307C06E /* guides-uri-resolver */,
				34C83CCAEC12E94A318398FC /* guides-using-effects */,
				25C45D7453C28C8E29CD46EE /* guides-using-fills */,
				17668B475F84FBE03AEB5DE6 /* integrate-with-swiftui */,
				C9BA78F599FEFE105B667FDD /* integrate-with-uikit */,
				06EACBA6F0066170370F5E34 /* showcase-apparel-ui */,
				C019E8FD553F6719298F0CF7 /* showcases-app */,
				0857CAE8E01659D01AB5D713 /* Products */,
			);
			indentWidth = 2;
			sourceTree = "<group>";
			tabWidth = 2;
			usesTabs = 0;
		};
		77FC495F4C858B97E0368E42 /* Model */ = {
			isa = PBXGroup;
			children = (
				217E9A7F3B4166B3B1D0B9A0 /* Font.swift */,
				ED47D459BD5D10E462D62272 /* FontFamily.swift */,
				0730483ABE4E42F9E684C94D /* Geometry.swift */,
				DDB98B549F0CCE6E4AD150ED /* SheetModel.swift */,
				F6620F0C778BA8B7C63A682B /* Labelable */,
			);
			path = Model;
			sourceTree = "<group>";
		};
		7E07C6A89DAB2F937A85AC11 /* guides-engine-modifying-scenes */ = {
			isa = PBXGroup;
			children = (
				ACFD93736092EB1FDF3BB328 /* ModifyingScenes.swift */,
			);
			path = "guides-engine-modifying-scenes";
			sourceTree = "<group>";
		};
		9280B544468AEE47D6AA05CC /* engine-guides-save-scene-to-archive */ = {
			isa = PBXGroup;
			children = (
				7EE0EB9286163546FB380703 /* SaveSceneToArchive.swift */,
			);
			path = "engine-guides-save-scene-to-archive";
			sourceTree = "<group>";
		};
		9C093D73EA76EF1BFFFEF849 /* State */ = {
			isa = PBXGroup;
			children = (
				62B7905B6121B4BED12CF0E3 /* AlertState.swift */,
				7B22854931A82EFA447E1FE5 /* ShapeState.swift */,
				C74F15AE5BE618B0E96BEEA0 /* SheetState.swift */,
				A31F97C2038240144D8D751B /* TextState.swift */,
			);
			path = State;
			sourceTree = "<group>";
		};
		9C85370DE7F0B283E00BDF80 /* engine-guides-spot-colors */ = {
			isa = PBXGroup;
			children = (
				3D30BCF86948CDDE9CD4A179 /* SpotColors.swift */,
			);
			path = "engine-guides-spot-colors";
			sourceTree = "<group>";
		};
		9DFA8FADF930A0DC0A907B11 /* engine-guides-save-scene-to-string */ = {
			isa = PBXGroup;
			children = (
				B9F28E94E9E5E1FDD880847B /* SaveSceneToString.swift */,
			);
			path = "engine-guides-save-scene-to-string";
			sourceTree = "<group>";
		};
		A05F8CD13ED5B8AA789C9323 /* Style */ = {
			isa = PBXGroup;
			children = (
				56ED0F8C3D1AABDC35E5C3DE /* Button */,
				5E588F293B559CE72E5FD9DC /* Label */,
			);
			path = Style;
			sourceTree = "<group>";
		};
		A58D552ADB074AE6BB5A809E /* Toolbar */ = {
			isa = PBXGroup;
			children = (
				A82621732292C8CEEE468B05 /* BottomToolbar.swift */,
				14233C793A59FE567CE51E70 /* PrincipalToolbar.swift */,
			);
			path = Toolbar;
			sourceTree = "<group>";
		};
		AC0F9DC34570688AF133B276 /* guides-scopes */ = {
			isa = PBXGroup;
			children = (
				C48F7D45E899E896C1F43473 /* Scopes.swift */,
			);
			path = "guides-scopes";
			sourceTree = "<group>";
		};
		B482CBB009A531828AFE4BA2 /* image */ = {
			isa = PBXGroup;
			children = (
				06EB56F97A2E71B71597C83C /* ampersand-creative-co-pp_oXEb2H48-unsplash.jpg */,
				9D2AA3F2754E08B151D1E918 /* carles-rabada-DD1fSz2HF1s-unsplash.jpg */,
				8A4A1BDB33EFE1DA60B11FD8 /* etienne-bosiger-OWsdJ-MllYA-unsplash.jpg */,
				4100216423DEA16B6DE88909 /* geran-de-klerk-WJkc3xZjSXw-unsplash.jpg */,
				58F362B546643754749815CB /* ivana-cajina-HDd-NQ_AMNQ-unsplash.jpg */,
				346FB4B033AD49AA74EC8B8B /* jake-blucker-tMzCrBkM99Y-unsplash.jpg */,
				231BA64140C750A97498EE6B /* jordan-mcqueen-u9tAl8WR3DI-unsplash.jpg */,
			);
			path = image;
			sourceTree = "<group>";
		};
		BC0DFF3E3A2A13F1765284B4 /* sticker */ = {
			isa = PBXGroup;
			children = (
				816EB7399E33741F4E4704CA /* hand_five.svg */,
				48AA14830BB41072BE6E5003 /* hand_friends.svg */,
				AFD1D145B69BDD00D49057E1 /* hand_fuck.svg */,
				4D91A326DC839C4588D0C082 /* hand_vibes.svg */,
			);
			path = sticker;
			sourceTree = "<group>";
		};
		BF0890538DFBAAAB3FBA7AE4 /* engine-guides-create-scene-from-scratch */ = {
			isa = PBXGroup;
			children = (
				A444D6F3EA290E51BE49CEE7 /* CreateSceneFromScratch.swift */,
			);
			path = "engine-guides-create-scene-from-scratch";
			sourceTree = "<group>";
		};
		BFD8A14F30509AA48AEA2E5D /* engine-guides-load-scene-from-remote */ = {
			isa = PBXGroup;
			children = (
				A3DB715E1405C2F87FA79968 /* LoadSceneFromRemote.swift */,
			);
			path = "engine-guides-load-scene-from-remote";
			sourceTree = "<group>";
		};
		BFF584DC1C37B2382BC2A3C1 /* engine-guides-load-scene-from-string */ = {
			isa = PBXGroup;
			children = (
				69FC91BE8AE22A4802EEE13B /* LoadSceneFromString.swift */,
			);
			path = "engine-guides-load-scene-from-string";
			sourceTree = "<group>";
		};
		C019E8FD553F6719298F0CF7 /* showcases-app */ = {
			isa = PBXGroup;
			children = (
				BA509F54CCCE5E95305DB54B /* Assets.xcassets */,
				A4F865F27FA2F6B907528102 /* ContentView.swift */,
				ADD7BF25F30E9BB530B3B157 /* ShowcasesApp.swift */,
			);
			path = "showcases-app";
			sourceTree = "<group>";
		};
		C70D45E34D2022E6799F149A /* guides-engine-custom-asset-source */ = {
			isa = PBXGroup;
			children = (
				120386EFD5B3E9434E364AF5 /* CustomAssetSource.swift */,
				B1E6F8015C52504F809C7F95 /* UnsplashResponse.swift */,
			);
			path = "guides-engine-custom-asset-source";
			sourceTree = "<group>";
		};
		C9BA78F599FEFE105B667FDD /* integrate-with-uikit */ = {
			isa = PBXGroup;
			children = (
				1027ACAB1FC6EEED2A9A4F9D /* IntegrateWithUIKit.swift */,
			);
			path = "integrate-with-uikit";
			sourceTree = "<group>";
		};
		CA4B59C49B2229DE35FC8EB7 /* engine-guides-create-scene-from-image-blob */ = {
			isa = PBXGroup;
			children = (
				FD68EDF31A2BAE79066E2107 /* CreateSceneFromImageBlob.swift */,
			);
			path = "engine-guides-create-scene-from-image-blob";
			sourceTree = "<group>";
		};
		DE80BEB76EE03E3831D1AC56 /* Sheet */ = {
			isa = PBXGroup;
			children = (
				CC22CCEB6477FFB2F1B279C5 /* ArrangeOptions.swift */,
				B461123A1FE401BBB44CE03F /* BottomSheet.swift */,
				CE8F16505AF0D860EE02C471 /* ColorOptions.swift */,
				068FF43EC943938B2B1D9238 /* ImageSheet.swift */,
				4EC6B5DCAE77BAF5185E32EA /* ShapeSheet.swift */,
				531E063B52C74274431EE98F /* Sheet.swift */,
				8B1094DAD9DD83242C6BA937 /* SheetModePicker.swift */,
				AAF01577E1065BAB16675274 /* StickerSheet.swift */,
				DF871D88DD893E0E778FCABF /* TextSheet.swift */,
			);
			path = Sheet;
			sourceTree = "<group>";
		};
		E2BB08299BD2039A8EB0CE62 /* Extension */ = {
			isa = PBXGroup;
			children = (
				E5F9284633855FB767B7FF5D /* Bundle+.swift */,
				BD6FC54102868983B2F02F0C /* CGColor+.swift */,
				E3BFDF8FE7366E218589BE0D /* LabelStyle+.swift */,
				BDAF596545BBC819E09F2381 /* PresentationDetent+.swift */,
				83CADA34820A317BFABDA5A5 /* PreviewProvider+.swift */,
				6DF1F7C07B4D8C86E3E72D48 /* PrimitiveButtonStyle+.swift */,
				1D909236F330F656E036C381 /* String+.swift */,
				DBC0834D911BDA3AC3819E38 /* View+.swift */,
			);
			path = Extension;
			sourceTree = "<group>";
		};
		F419E08B896C5BECF27A7AB5 /* engine-guides-save-scene-to-blob */ = {
			isa = PBXGroup;
			children = (
				5C74CFA2B3264E4E40580D2D /* SaveSceneToBlob.swift */,
			);
			path = "engine-guides-save-scene-to-blob";
			sourceTree = "<group>";
		};
		F6620F0C778BA8B7C63A682B /* Labelable */ = {
			isa = PBXGroup;
			children = (
				E4BA473E1FE8910AA40FE44B /* Action.swift */,
				B6DF612570365990FA998541 /* SheetMode.swift */,
				2C9C31192139CF468D1826EA /* SheetType.swift */,
				616785B55674CC5EB954A62C /* TextProperty.swift */,
			);
			path = Labelable;
			sourceTree = "<group>";
		};
		F6CD0F2F04D98DEE00B4B34F /* Engine */ = {
			isa = PBXGroup;
			children = (
				7C42E091D82CDE97507A6F9C /* BlockAPI+.swift */,
				C403DE81EAB40768623701B1 /* DesignBlockType+.swift */,
				43189905E89578F505604887 /* Engine+.swift */,
				36770617E9F1711A7A1E8F99 /* Error.swift */,
				9270E88568E733850A13685B /* RGBA+.swift */,
			);
			path = Engine;
			sourceTree = "<group>";
		};
		FF6CE548BAA46FD8BAC836F1 /* View */ = {
			isa = PBXGroup;
			children = (
				7AF9805339721338F1975E27 /* Canvas.swift */,
				35620FA34DD63BB1E3E339F7 /* CanvasAction.swift */,
				01B21E39DAFF657B99EDAE51 /* CanvasMenu.swift */,
				5E983C87CDB0D3D598C8D280 /* ErrorAlert.swift */,
				C6DD4F9D93A62013A391A675 /* WillDisappearHandler.swift */,
				685B2D151DA5CADDF5F42882 /* Button */,
				59320AFA5BAF206D9942374B /* Main */,
				DE80BEB76EE03E3831D1AC56 /* Sheet */,
				A58D552ADB074AE6BB5A809E /* Toolbar */,
			);
			path = View;
			sourceTree = "<group>";
		};
		"TEMP_6B898C23-F029-4887-9829-ECB38C1A8849" /* cesdk-swift-examples */ = {
			isa = PBXGroup;
			children = (
				"TEMP_C31D2FD6-8D4C-4DDD-8053-1E175E20ACB5" /* Secrets.swift */,
				9DFA8FADF930A0DC0A907B11 /* engine-guides-save-scene-to-string */,
				C70D45E34D2022E6799F149A /* guides-engine-custom-asset-source */,
				C9BA78F599FEFE105B667FDD /* integrate-with-uikit */,
				BFF584DC1C37B2382BC2A3C1 /* engine-guides-load-scene-from-string */,
				7E07C6A89DAB2F937A85AC11 /* guides-engine-modifying-scenes */,
				BF0890538DFBAAAB3FBA7AE4 /* engine-guides-create-scene-from-scratch */,
				25C45D7453C28C8E29CD46EE /* guides-using-fills */,
				541FD12877DF0DB7FC62B716 /* guides-store-metadata */,
				9C85370DE7F0B283E00BDF80 /* engine-guides-spot-colors */,
				F419E08B896C5BECF27A7AB5 /* engine-guides-save-scene-to-blob */,
				BFD8A14F30509AA48AEA2E5D /* engine-guides-load-scene-from-remote */,
				AC0F9DC34570688AF133B276 /* guides-scopes */,
				1DC3A24E22E57D14A307C06E /* guides-uri-resolver */,
				3C69826BBAA43A3BF7E26D5A /* engine-guides-load-scene-from-blob */,
				9280B544468AEE47D6AA05CC /* engine-guides-save-scene-to-archive */,
				35BFC39C45FC975EB3BFF0F8 /* engine-guides-create-scene-from-image-url */,
				34C83CCAEC12E94A318398FC /* guides-using-effects */,
				CA4B59C49B2229DE35FC8EB7 /* engine-guides-create-scene-from-image-blob */,
				66A0FCE32D6EAEB6109BF4A7 /* guides-engine-exporting-blocks */,
				17668B475F84FBE03AEB5DE6 /* integrate-with-swiftui */,
			);
			path = "cesdk-swift-examples";
			sourceTree = "<group>";
		};
/* End PBXGroup section */

/* Begin PBXNativeTarget section */
		03F0C7200A0C61FC46DD61DD /* Showcase-ApparelUI */ = {
			isa = PBXNativeTarget;
			buildConfigurationList = FEBC26EE4A1E8976AA693401 /* Build configuration list for PBXNativeTarget "Showcase-ApparelUI" */;
			buildPhases = (
				5FEDD21D0A8DCF5081C563F4 /* Sources */,
				005D4851532632CABB54F6AC /* Resources */,
				AC79EDF03C03378B77CB04FA /* Frameworks */,
			);
			buildRules = (
			);
			dependencies = (
			);
			name = "Showcase-ApparelUI";
			packageProductDependencies = (
				1261A56FCE69A7A2A21F9CAB /* IMGLYEngine */,
				EAD82FE5511A7F71CCC81C25 /* Media */,
				B764477365185EBA8944387E /* ActivityView */,
				1B3E01894120109F7DE03CB8 /* Introspect */,
				DDDBEF35AF4F963F047D2C6B /* KeyboardObserver */,
			);
			productName = "Showcase-ApparelUI";
			productReference = ADA3189A7FE8654935ED5E34 /* Showcase-ApparelUI.framework */;
			productType = "com.apple.product-type.framework";
		};
		8E03A69C0651C90A7CBE307F /* Guides */ = {
			isa = PBXNativeTarget;
			buildConfigurationList = F154C0A9549E10CF6EE2DB70 /* Build configuration list for PBXNativeTarget "Guides" */;
			buildPhases = (
				2FF4B3B80D37F34A399FB8F7 /* Sources */,
				4C1AC977A8A745F5E0975FEE /* Frameworks */,
			);
			buildRules = (
			);
			dependencies = (
			);
			name = Guides;
			packageProductDependencies = (
				50118933CCA23FF85773CFEA /* IMGLYEngine */,
			);
			productName = Guides;
			productReference = 4014CA743312F1F4B1423F53 /* Guides.framework */;
			productType = "com.apple.product-type.framework";
		};
		A111FA4F70520503B2B9C7FB /* CESDK-Showcases */ = {
			isa = PBXNativeTarget;
			buildConfigurationList = 79FD0E8BF9E0394FFE5C74FD /* Build configuration list for PBXNativeTarget "CESDK-Showcases" */;
			buildPhases = (
				9D37E7187577A917C097F3E7 /* Sources */,
				BB4E03970C0E1D8739CC3475 /* Resources */,
				B24AD0D444D075317A787EFD /* Frameworks */,
				BA636AA715837F80E562DDEC /* Embed Frameworks */,
			);
			buildRules = (
			);
			dependencies = (
				5815626AEDC0FFECDD7A87C3 /* PBXTargetDependency */,
				17596A96AE7A44BB31668955 /* PBXTargetDependency */,
			);
			name = "CESDK-Showcases";
			packageProductDependencies = (
				FAA5C98779456B21FB931E53 /* IMGLYEngine */,
			);
			productName = "CESDK-Showcases";
			productReference = 0E46FB7CEB411B5F37AA132B /* CESDK-Showcases.app */;
			productType = "com.apple.product-type.application";
		};
/* End PBXNativeTarget section */

/* Begin PBXProject section */
		AA8555A8977E7AA9B19540FE /* Project object */ = {
			isa = PBXProject;
			attributes = {
				LastUpgradeCheck = 1200;
				TargetAttributes = {
				};
			};
			buildConfigurationList = E8E062FB538017B95F1DA23E /* Build configuration list for PBXProject "CESDK-Showcases" */;
			compatibilityVersion = "Xcode 11.0";
			developmentRegion = en;
			hasScannedForEncodings = 0;
			knownRegions = (
				Base,
				en,
			);
			mainGroup = 70626161758B70813AF43B5F;
			packageReferences = (
				4D2C2F5B80D34FC89FDBF71D /* XCRemoteSwiftPackageReference "ActivityView" */,
				EEF7BD009E2608FC2C7A7F03 /* XCRemoteSwiftPackageReference "IMGLYEngine-SP" */,
				4D2B057734A5412CF39C2B92 /* XCRemoteSwiftPackageReference "SwiftUI-Introspect" */,
				D34D8BE20883C6D941996D18 /* XCRemoteSwiftPackageReference "KeyboardObserver" */,
				87D4A291ECEED3A53B420734 /* XCRemoteSwiftPackageReference "Media" */,
			);
			projectDirPath = "";
			projectRoot = "";
			targets = (
				A111FA4F70520503B2B9C7FB /* CESDK-Showcases */,
				8E03A69C0651C90A7CBE307F /* Guides */,
				03F0C7200A0C61FC46DD61DD /* Showcase-ApparelUI */,
			);
		};
/* End PBXProject section */

/* Begin PBXResourcesBuildPhase section */
		005D4851532632CABB54F6AC /* Resources */ = {
			isa = PBXResourcesBuildPhase;
			buildActionMask = 2147483647;
			files = (
				03975FA01D307C394E0EF26D /* Assets.xcassets in Resources */,
				5A1E2DF5B81F324BAF68597C /* ampersand-creative-co-pp_oXEb2H48-unsplash.jpg in Resources */,
				048C3D4221B4FCC4D78804C6 /* apparel-ui.scene in Resources */,
				2E86FEFBE0633A9280EB83E8 /* carles-rabada-DD1fSz2HF1s-unsplash.jpg in Resources */,
				8A32DC1FBBD7B6668791D363 /* etienne-bosiger-OWsdJ-MllYA-unsplash.jpg in Resources */,
				3A5FDF37B4A415E97FB711C4 /* geran-de-klerk-WJkc3xZjSXw-unsplash.jpg in Resources */,
				3436A52BE04365BAE9A99506 /* hand_five.svg in Resources */,
				4D07FEE8439E80ED9D72973D /* hand_friends.svg in Resources */,
				04DA28BA448DED94D883C8BD /* hand_fuck.svg in Resources */,
				AB0B3BA5CE1062671928F507 /* hand_vibes.svg in Resources */,
				E723861FE988850D931CA1AC /* ivana-cajina-HDd-NQ_AMNQ-unsplash.jpg in Resources */,
				111B132E4093EF26C7F8C952 /* jake-blucker-tMzCrBkM99Y-unsplash.jpg in Resources */,
				0C32F7EAAD39E839834E54E1 /* jordan-mcqueen-u9tAl8WR3DI-unsplash.jpg in Resources */,
			);
			runOnlyForDeploymentPostprocessing = 0;
		};
		BB4E03970C0E1D8739CC3475 /* Resources */ = {
			isa = PBXResourcesBuildPhase;
			buildActionMask = 2147483647;
			files = (
				1FDB50FAEABB8E0D7B64B286 /* Assets.xcassets in Resources */,
			);
			runOnlyForDeploymentPostprocessing = 0;
		};
/* End PBXResourcesBuildPhase section */

/* Begin PBXSourcesBuildPhase section */
		2FF4B3B80D37F34A399FB8F7 /* Sources */ = {
			isa = PBXSourcesBuildPhase;
			buildActionMask = 2147483647;
			files = (
				2A0EF2E6927F42BB2DB6DE2B /* CreateSceneFromImageBlob.swift in Sources */,
				5718C57B9AA61ECD7CBDAFC2 /* CreateSceneFromImageURL.swift in Sources */,
				B3516693EC558A338D214901 /* CreateSceneFromScratch.swift in Sources */,
				21DCB5ED6B7A1F997FED8443 /* CustomAssetSource.swift in Sources */,
				A1CEF19DE5E4240E4643FB5B /* ExportingBlocks.swift in Sources */,
				2DD382E84D630937FE106BDE /* IntegrateWithSwiftUI.swift in Sources */,
				47A2180BAB9D6999DFBB83FB /* IntegrateWithUIKit.swift in Sources */,
				EB1DA29327CAEEEF86D987BA /* LoadSceneFromBlob.swift in Sources */,
				80F83C98009AA3507A55172C /* LoadSceneFromRemote.swift in Sources */,
				8BB2993B194C46C75C01895B /* LoadSceneFromString.swift in Sources */,
				C6EAA3E944414AF4C06EE924 /* ModifyingScenes.swift in Sources */,
				80E634307153C1FB04136FE1 /* SaveSceneToArchive.swift in Sources */,
				F5F1DB4AFBBA1A2C614F4D62 /* SaveSceneToBlob.swift in Sources */,
				93A281249972085593F51AF1 /* SaveSceneToString.swift in Sources */,
				33EE81B336F8CA0BE882A44D /* Scopes.swift in Sources */,
				CA6BEB2E51B703265D8B1FE2 /* Secrets.swift in Sources */,
				20BF29AA915C43C501EB1935 /* SpotColors.swift in Sources */,
				4F4CA2F39E0525C73EF0D82F /* StoreMetadata.swift in Sources */,
				FC8A611A836C13CB146AA137 /* URIResolver.swift in Sources */,
				01C6D2B38BB82F18A3E7DD94 /* UnsplashResponse.swift in Sources */,
				D1E4B8537F8E4E96DA04FFE7 /* UsingEffects.swift in Sources */,
				663141D34B67C15C324CA30B /* UsingFills.swift in Sources */,
			);
			runOnlyForDeploymentPostprocessing = 0;
		};
		5FEDD21D0A8DCF5081C563F4 /* Sources */ = {
			isa = PBXSourcesBuildPhase;
			buildActionMask = 2147483647;
			files = (
				967B49E23A09E3636D6B4C39 /* Action.swift in Sources */,
				E429722A69D0827B0B60E71F /* AdaptiveLabelStyle.swift in Sources */,
				1AB6C599AB79B23F9C3B4C7C /* AlertState.swift in Sources */,
				5840955F2484A323AB10F9DF /* ArrangeOptions.swift in Sources */,
				F0AF9BFFEFF1ED48A93CD850 /* AssetLibrary.swift in Sources */,
				71F86A46A505221E3D8E12B8 /* BatchMutable.swift in Sources */,
				1B845CEADDD29340408EAB5C /* BlockAPI+.swift in Sources */,
				564018F634A798A8D8E34618 /* BottomSheet.swift in Sources */,
				42776D7C44D5106025CCBEB6 /* BottomToolbar.swift in Sources */,
				94BB225F720137380A744047 /* Bundle+.swift in Sources */,
				C7E5EC17F7A54CCD8055CEC2 /* CGColor+.swift in Sources */,
				2CEEFAE603AE37C913E6723C /* Canvas.swift in Sources */,
				67CB26412CAA9FE14884270E /* CanvasAction.swift in Sources */,
				7367A5C48A3FAA2D519B8F6A /* CanvasGeometryKey.swift in Sources */,
				3399654AE81DF160382364F7 /* CanvasMenu.swift in Sources */,
				D284F8FE0DF2700438B911CB /* CanvasMenuSizeKey.swift in Sources */,
				85229845A1D6BC1FF654338C /* ColorOptions.swift in Sources */,
				F0A6B05C48E8B203FE55D817 /* ColorPropertyButton.swift in Sources */,
				432C2850972D9E3FFC6B29EF /* ContentView.swift in Sources */,
				BF88FF80C744D741DD4AB275 /* DesignBlockType+.swift in Sources */,
				0BF8BA3A8DC8F5EDAAA16428 /* Engine+.swift in Sources */,
				D3B6373A78B0EA51922C7176 /* Error.swift in Sources */,
				54E1DE1E6B543125D496E3A3 /* ErrorAlert.swift in Sources */,
				D1375A61C73103334745EBBB /* ExportButton.swift in Sources */,
				BA97F1183F97A14B202D4371 /* Font.swift in Sources */,
				0D1CE2C9B33F0719711C0982 /* FontButton.swift in Sources */,
				9648279329D26A5A755981BA /* FontFamily.swift in Sources */,
				66A3AE3FAA64416E9D05E719 /* Geometry.swift in Sources */,
				D1772705B593D75B0E0A3186 /* HiddenIconLabelStyle.swift in Sources */,
				A958EA2DD24F17888681131E /* IdentifiableByHash.swift in Sources */,
				BB2D1B8CE714821F4B5CBF51 /* ImageSheet.swift in Sources */,
				ADB3F2FFF8CF5FA4DFF1CA6C /* Interactor.swift in Sources */,
				4980367985994A7F5086DE18 /* LabelStyle+.swift in Sources */,
				A35D6198F1D9B050CC537F01 /* Labelable.swift in Sources */,
				8F757F847FA52EB0A12E4B17 /* Localizable.swift in Sources */,
				3714853925FFB06B75D5E99E /* OptionButtonStyle.swift in Sources */,
				6DA4D2CC49FC029D0D716BDC /* PresentationDetent+.swift in Sources */,
				3EC2D432D518B962DAE40F3A /* PreviewProvider+.swift in Sources */,
				EF1CB7618FB82B337420D81B /* PrimitiveButtonStyle+.swift in Sources */,
				FDC2D386C222D65412A58F5A /* PrincipalToolbar.swift in Sources */,
				5FC74BB967DDD8D84EF69308 /* RGBA+.swift in Sources */,
				82B8DB1F3B2AFE4D9E89C55E /* ShapeSheet.swift in Sources */,
				FDAA7D80C2CC3C75D75AF37E /* ShapeState.swift in Sources */,
				D49100E742EC2D04065ABDCF /* Sheet.swift in Sources */,
				68A9A10044996C1C64D36A31 /* SheetContentGeometryKey.swift in Sources */,
				AEC6CA7FF9269F2AEA0D6353 /* SheetGeometryKey.swift in Sources */,
				70F875AA5E42374C4F3F1220 /* SheetMode.swift in Sources */,
				9ED67415724DE92DED75A40F /* SheetModePicker.swift in Sources */,
				BBDBA8B11CA8DB0851202439 /* SheetModel.swift in Sources */,
				9728D4F446F3AD18E024C6F6 /* SheetState.swift in Sources */,
				88709A12DA59C0B4D88421BC /* SheetType.swift in Sources */,
				363FA69021F49C6422986599 /* StickerSheet.swift in Sources */,
				8E9C8D8CD4C4D497F15CA46A /* String+.swift in Sources */,
				B85CAEDA56B91F1B8E9DACD8 /* TextProperty.swift in Sources */,
				4E058C672C1D07D03F359956 /* TextPropertyButton.swift in Sources */,
				7A67F8FCE2C95B0C7E5633E6 /* TextSheet.swift in Sources */,
				298672B4A765D11FED0600C6 /* TextState.swift in Sources */,
				24A889546E08913CD9BECE7C /* TileLabelStyle.swift in Sources */,
				D334144F58E0EDA67BBA768A /* ToolbarButtonStyle.swift in Sources */,
				CB2B6E3D5F5961EDB96F4457 /* View+.swift in Sources */,
				4E72ED4EB76D646F29F28A05 /* WillDisappearHandler.swift in Sources */,
			);
			runOnlyForDeploymentPostprocessing = 0;
		};
		9D37E7187577A917C097F3E7 /* Sources */ = {
			isa = PBXSourcesBuildPhase;
			buildActionMask = 2147483647;
			files = (
				64C46FC3934EF49F1BBB31D2 /* ContentView.swift in Sources */,
				307655FB9F3355F8651358E7 /* ShowcasesApp.swift in Sources */,
			);
			runOnlyForDeploymentPostprocessing = 0;
		};
/* End PBXSourcesBuildPhase section */

/* Begin PBXTargetDependency section */
		17596A96AE7A44BB31668955 /* PBXTargetDependency */ = {
			isa = PBXTargetDependency;
			target = 03F0C7200A0C61FC46DD61DD /* Showcase-ApparelUI */;
			targetProxy = 951E3565C9CBB49021854405 /* PBXContainerItemProxy */;
		};
		5815626AEDC0FFECDD7A87C3 /* PBXTargetDependency */ = {
			isa = PBXTargetDependency;
			target = 8E03A69C0651C90A7CBE307F /* Guides */;
			targetProxy = 8763EA0466EFD0971413BA35 /* PBXContainerItemProxy */;
		};
/* End PBXTargetDependency section */

/* Begin XCBuildConfiguration section */
		12DE4830F9AF067544AC8958 /* Debug */ = {
			isa = XCBuildConfiguration;
			buildSettings = {
				CODE_SIGN_IDENTITY = "";
				CURRENT_PROJECT_VERSION = 1;
				DEFINES_MODULE = YES;
				DYLIB_COMPATIBILITY_VERSION = 1;
				DYLIB_CURRENT_VERSION = 1;
				DYLIB_INSTALL_NAME_BASE = "@rpath";
				INSTALL_PATH = "$(LOCAL_LIBRARY_DIR)/Frameworks";
				LD_RUNPATH_SEARCH_PATHS = (
					"$(inherited)",
					"@executable_path/Frameworks",
				);
				PRODUCT_BUNDLE_IDENTIFIER = ly.img.ubq.Guides;
				PRODUCT_NAME = Guides;
				SDKROOT = iphoneos;
				SKIP_INSTALL = YES;
				TARGETED_DEVICE_FAMILY = "1,2";
				VERSIONING_SYSTEM = "apple-generic";
			};
			name = Debug;
		};
		306F2EB13B99BEB035FE35A8 /* Release */ = {
			isa = XCBuildConfiguration;
			buildSettings = {
				ASSETCATALOG_COMPILER_APPICON_NAME = AppIcon;
				ASSETCATALOG_COMPILER_GLOBAL_ACCENT_COLOR_NAME = AccentColor;
				CODE_SIGN_IDENTITY = "iPhone Developer";
				CURRENT_PROJECT_VERSION = 1;
				INFOPLIST_KEY_CFBundleDisplayName = Showcases;
				INFOPLIST_KEY_NSCameraUsageDescription = "We use camera to capture custom images for the edited scene.";
				INFOPLIST_KEY_NSPhotoLibraryAddUsageDescription = "We use photo library to save exported files.";
				INFOPLIST_KEY_UILaunchScreen_Generation = YES;
				INFOPLIST_KEY_UISupportedInterfaceOrientations_iPad = "UIInterfaceOrientationPortrait UIInterfaceOrientationPortraitUpsideDown UIInterfaceOrientationLandscapeLeft UIInterfaceOrientationLandscapeRight";
				INFOPLIST_KEY_UISupportedInterfaceOrientations_iPhone = "UIInterfaceOrientationPortrait UIInterfaceOrientationLandscapeLeft UIInterfaceOrientationLandscapeRight";
				LD_RUNPATH_SEARCH_PATHS = (
					"$(inherited)",
					"@executable_path/Frameworks",
				);
				MARKETING_VERSION = 1.9.0;
				PRODUCT_BUNDLE_IDENTIFIER = "ly.img.ubq.CESDK-Showcases";
				SDKROOT = iphoneos;
				TARGETED_DEVICE_FAMILY = "1,2";
			};
			name = Release;
		};
		58B84D05DD4A8928A3519C2B /* Release */ = {
			isa = XCBuildConfiguration;
			buildSettings = {
				ALWAYS_SEARCH_USER_PATHS = NO;
				CLANG_ANALYZER_NONNULL = YES;
				CLANG_ANALYZER_NUMBER_OBJECT_CONVERSION = YES_AGGRESSIVE;
				CLANG_CXX_LANGUAGE_STANDARD = "gnu++14";
				CLANG_CXX_LIBRARY = "libc++";
				CLANG_ENABLE_MODULES = YES;
				CLANG_ENABLE_OBJC_ARC = YES;
				CLANG_ENABLE_OBJC_WEAK = YES;
				CLANG_WARN_BLOCK_CAPTURE_AUTORELEASING = YES;
				CLANG_WARN_BOOL_CONVERSION = YES;
				CLANG_WARN_COMMA = YES;
				CLANG_WARN_CONSTANT_CONVERSION = YES;
				CLANG_WARN_DEPRECATED_OBJC_IMPLEMENTATIONS = YES;
				CLANG_WARN_DIRECT_OBJC_ISA_USAGE = YES_ERROR;
				CLANG_WARN_DOCUMENTATION_COMMENTS = YES;
				CLANG_WARN_EMPTY_BODY = YES;
				CLANG_WARN_ENUM_CONVERSION = YES;
				CLANG_WARN_INFINITE_RECURSION = YES;
				CLANG_WARN_INT_CONVERSION = YES;
				CLANG_WARN_NON_LITERAL_NULL_CONVERSION = YES;
				CLANG_WARN_OBJC_IMPLICIT_RETAIN_SELF = YES;
				CLANG_WARN_OBJC_LITERAL_CONVERSION = YES;
				CLANG_WARN_OBJC_ROOT_CLASS = YES_ERROR;
				CLANG_WARN_QUOTED_INCLUDE_IN_FRAMEWORK_HEADER = YES;
				CLANG_WARN_RANGE_LOOP_ANALYSIS = YES;
				CLANG_WARN_STRICT_PROTOTYPES = YES;
				CLANG_WARN_SUSPICIOUS_MOVE = YES;
				CLANG_WARN_UNGUARDED_AVAILABILITY = YES_AGGRESSIVE;
				CLANG_WARN_UNREACHABLE_CODE = YES;
				CLANG_WARN__DUPLICATE_METHOD_MATCH = YES;
				COPY_PHASE_STRIP = NO;
				DEBUG_INFORMATION_FORMAT = "dwarf-with-dsym";
				ENABLE_NS_ASSERTIONS = NO;
				ENABLE_STRICT_OBJC_MSGSEND = YES;
				GCC_C_LANGUAGE_STANDARD = gnu11;
				GCC_NO_COMMON_BLOCKS = YES;
				GCC_WARN_64_TO_32_BIT_CONVERSION = YES;
				GCC_WARN_ABOUT_RETURN_TYPE = YES_ERROR;
				GCC_WARN_UNDECLARED_SELECTOR = YES;
				GCC_WARN_UNINITIALIZED_AUTOS = YES_AGGRESSIVE;
				GCC_WARN_UNUSED_FUNCTION = YES;
				GCC_WARN_UNUSED_VARIABLE = YES;
				GENERATE_INFOPLIST_FILE = YES;
				IPHONEOS_DEPLOYMENT_TARGET = 16.0;
				MTL_ENABLE_DEBUG_INFO = NO;
				MTL_FAST_MATH = YES;
				PRODUCT_NAME = "$(TARGET_NAME)";
				SDKROOT = iphoneos;
				SWIFT_COMPILATION_MODE = wholemodule;
				SWIFT_OPTIMIZATION_LEVEL = "-O";
				SWIFT_VERSION = 5.7;
			};
			name = Release;
		};
		6D5D57E78E8F800A21549344 /* Release */ = {
			isa = XCBuildConfiguration;
			buildSettings = {
				CODE_SIGN_IDENTITY = "";
				CURRENT_PROJECT_VERSION = 1;
				DEFINES_MODULE = YES;
				DYLIB_COMPATIBILITY_VERSION = 1;
				DYLIB_CURRENT_VERSION = 1;
				DYLIB_INSTALL_NAME_BASE = "@rpath";
				INSTALL_PATH = "$(LOCAL_LIBRARY_DIR)/Frameworks";
				LD_RUNPATH_SEARCH_PATHS = (
					"$(inherited)",
					"@executable_path/Frameworks",
				);
				PRODUCT_BUNDLE_IDENTIFIER = "ly.img.ubq.Showcase-ApparelUI";
				PRODUCT_NAME = ApparelUI;
				SDKROOT = iphoneos;
				SKIP_INSTALL = YES;
				TARGETED_DEVICE_FAMILY = "1,2";
				VERSIONING_SYSTEM = "apple-generic";
			};
			name = Release;
		};
		85D16B5A7CEC11053F429F55 /* Debug */ = {
			isa = XCBuildConfiguration;
			buildSettings = {
				ASSETCATALOG_COMPILER_APPICON_NAME = AppIcon;
				ASSETCATALOG_COMPILER_GLOBAL_ACCENT_COLOR_NAME = AccentColor;
				CODE_SIGN_IDENTITY = "iPhone Developer";
				CURRENT_PROJECT_VERSION = 1;
				INFOPLIST_KEY_CFBundleDisplayName = Showcases;
				INFOPLIST_KEY_NSCameraUsageDescription = "We use camera to capture custom images for the edited scene.";
				INFOPLIST_KEY_NSPhotoLibraryAddUsageDescription = "We use photo library to save exported files.";
				INFOPLIST_KEY_UILaunchScreen_Generation = YES;
				INFOPLIST_KEY_UISupportedInterfaceOrientations_iPad = "UIInterfaceOrientationPortrait UIInterfaceOrientationPortraitUpsideDown UIInterfaceOrientationLandscapeLeft UIInterfaceOrientationLandscapeRight";
				INFOPLIST_KEY_UISupportedInterfaceOrientations_iPhone = "UIInterfaceOrientationPortrait UIInterfaceOrientationLandscapeLeft UIInterfaceOrientationLandscapeRight";
				LD_RUNPATH_SEARCH_PATHS = (
					"$(inherited)",
					"@executable_path/Frameworks",
				);
				MARKETING_VERSION = 1.9.0;
				PRODUCT_BUNDLE_IDENTIFIER = "ly.img.ubq.CESDK-Showcases";
				SDKROOT = iphoneos;
				TARGETED_DEVICE_FAMILY = "1,2";
			};
			name = Debug;
		};
		DE12B0CA6051F636BF148443 /* Debug */ = {
			isa = XCBuildConfiguration;
			buildSettings = {
				ALWAYS_SEARCH_USER_PATHS = NO;
				CLANG_ANALYZER_NONNULL = YES;
				CLANG_ANALYZER_NUMBER_OBJECT_CONVERSION = YES_AGGRESSIVE;
				CLANG_CXX_LANGUAGE_STANDARD = "gnu++14";
				CLANG_CXX_LIBRARY = "libc++";
				CLANG_ENABLE_MODULES = YES;
				CLANG_ENABLE_OBJC_ARC = YES;
				CLANG_ENABLE_OBJC_WEAK = YES;
				CLANG_WARN_BLOCK_CAPTURE_AUTORELEASING = YES;
				CLANG_WARN_BOOL_CONVERSION = YES;
				CLANG_WARN_COMMA = YES;
				CLANG_WARN_CONSTANT_CONVERSION = YES;
				CLANG_WARN_DEPRECATED_OBJC_IMPLEMENTATIONS = YES;
				CLANG_WARN_DIRECT_OBJC_ISA_USAGE = YES_ERROR;
				CLANG_WARN_DOCUMENTATION_COMMENTS = YES;
				CLANG_WARN_EMPTY_BODY = YES;
				CLANG_WARN_ENUM_CONVERSION = YES;
				CLANG_WARN_INFINITE_RECURSION = YES;
				CLANG_WARN_INT_CONVERSION = YES;
				CLANG_WARN_NON_LITERAL_NULL_CONVERSION = YES;
				CLANG_WARN_OBJC_IMPLICIT_RETAIN_SELF = YES;
				CLANG_WARN_OBJC_LITERAL_CONVERSION = YES;
				CLANG_WARN_OBJC_ROOT_CLASS = YES_ERROR;
				CLANG_WARN_QUOTED_INCLUDE_IN_FRAMEWORK_HEADER = YES;
				CLANG_WARN_RANGE_LOOP_ANALYSIS = YES;
				CLANG_WARN_STRICT_PROTOTYPES = YES;
				CLANG_WARN_SUSPICIOUS_MOVE = YES;
				CLANG_WARN_UNGUARDED_AVAILABILITY = YES_AGGRESSIVE;
				CLANG_WARN_UNREACHABLE_CODE = YES;
				CLANG_WARN__DUPLICATE_METHOD_MATCH = YES;
				COPY_PHASE_STRIP = NO;
				DEBUG_INFORMATION_FORMAT = dwarf;
				ENABLE_STRICT_OBJC_MSGSEND = YES;
				ENABLE_TESTABILITY = YES;
				GCC_C_LANGUAGE_STANDARD = gnu11;
				GCC_DYNAMIC_NO_PIC = NO;
				GCC_NO_COMMON_BLOCKS = YES;
				GCC_OPTIMIZATION_LEVEL = 0;
				GCC_PREPROCESSOR_DEFINITIONS = (
					"$(inherited)",
					"DEBUG=1",
				);
				GCC_WARN_64_TO_32_BIT_CONVERSION = YES;
				GCC_WARN_ABOUT_RETURN_TYPE = YES_ERROR;
				GCC_WARN_UNDECLARED_SELECTOR = YES;
				GCC_WARN_UNINITIALIZED_AUTOS = YES_AGGRESSIVE;
				GCC_WARN_UNUSED_FUNCTION = YES;
				GCC_WARN_UNUSED_VARIABLE = YES;
				GENERATE_INFOPLIST_FILE = YES;
				IPHONEOS_DEPLOYMENT_TARGET = 16.0;
				MTL_ENABLE_DEBUG_INFO = INCLUDE_SOURCE;
				MTL_FAST_MATH = YES;
				ONLY_ACTIVE_ARCH = YES;
				PRODUCT_NAME = "$(TARGET_NAME)";
				SDKROOT = iphoneos;
				SWIFT_ACTIVE_COMPILATION_CONDITIONS = DEBUG;
				SWIFT_OPTIMIZATION_LEVEL = "-Onone";
				SWIFT_VERSION = 5.7;
			};
			name = Debug;
		};
		E1C9747DD932415D95E2700C /* Debug */ = {
			isa = XCBuildConfiguration;
			buildSettings = {
				CODE_SIGN_IDENTITY = "";
				CURRENT_PROJECT_VERSION = 1;
				DEFINES_MODULE = YES;
				DYLIB_COMPATIBILITY_VERSION = 1;
				DYLIB_CURRENT_VERSION = 1;
				DYLIB_INSTALL_NAME_BASE = "@rpath";
				INSTALL_PATH = "$(LOCAL_LIBRARY_DIR)/Frameworks";
				LD_RUNPATH_SEARCH_PATHS = (
					"$(inherited)",
					"@executable_path/Frameworks",
				);
				PRODUCT_BUNDLE_IDENTIFIER = "ly.img.ubq.Showcase-ApparelUI";
				PRODUCT_NAME = ApparelUI;
				SDKROOT = iphoneos;
				SKIP_INSTALL = YES;
				TARGETED_DEVICE_FAMILY = "1,2";
				VERSIONING_SYSTEM = "apple-generic";
			};
			name = Debug;
		};
		F7B8FF51C4E32F8C2D319ED6 /* Release */ = {
			isa = XCBuildConfiguration;
			buildSettings = {
				CODE_SIGN_IDENTITY = "";
				CURRENT_PROJECT_VERSION = 1;
				DEFINES_MODULE = YES;
				DYLIB_COMPATIBILITY_VERSION = 1;
				DYLIB_CURRENT_VERSION = 1;
				DYLIB_INSTALL_NAME_BASE = "@rpath";
				INSTALL_PATH = "$(LOCAL_LIBRARY_DIR)/Frameworks";
				LD_RUNPATH_SEARCH_PATHS = (
					"$(inherited)",
					"@executable_path/Frameworks",
				);
				PRODUCT_BUNDLE_IDENTIFIER = ly.img.ubq.Guides;
				PRODUCT_NAME = Guides;
				SDKROOT = iphoneos;
				SKIP_INSTALL = YES;
				TARGETED_DEVICE_FAMILY = "1,2";
				VERSIONING_SYSTEM = "apple-generic";
			};
			name = Release;
		};
/* End XCBuildConfiguration section */

/* Begin XCConfigurationList section */
		79FD0E8BF9E0394FFE5C74FD /* Build configuration list for PBXNativeTarget "CESDK-Showcases" */ = {
			isa = XCConfigurationList;
			buildConfigurations = (
				85D16B5A7CEC11053F429F55 /* Debug */,
				306F2EB13B99BEB035FE35A8 /* Release */,
			);
			defaultConfigurationIsVisible = 0;
			defaultConfigurationName = Debug;
		};
		E8E062FB538017B95F1DA23E /* Build configuration list for PBXProject "CESDK-Showcases" */ = {
			isa = XCConfigurationList;
			buildConfigurations = (
				DE12B0CA6051F636BF148443 /* Debug */,
				58B84D05DD4A8928A3519C2B /* Release */,
			);
			defaultConfigurationIsVisible = 0;
			defaultConfigurationName = Debug;
		};
		F154C0A9549E10CF6EE2DB70 /* Build configuration list for PBXNativeTarget "Guides" */ = {
			isa = XCConfigurationList;
			buildConfigurations = (
				12DE4830F9AF067544AC8958 /* Debug */,
				F7B8FF51C4E32F8C2D319ED6 /* Release */,
			);
			defaultConfigurationIsVisible = 0;
			defaultConfigurationName = Debug;
		};
		FEBC26EE4A1E8976AA693401 /* Build configuration list for PBXNativeTarget "Showcase-ApparelUI" */ = {
			isa = XCConfigurationList;
			buildConfigurations = (
				E1C9747DD932415D95E2700C /* Debug */,
				6D5D57E78E8F800A21549344 /* Release */,
			);
			defaultConfigurationIsVisible = 0;
			defaultConfigurationName = Debug;
		};
/* End XCConfigurationList section */

/* Begin XCRemoteSwiftPackageReference section */
		4D2B057734A5412CF39C2B92 /* XCRemoteSwiftPackageReference "SwiftUI-Introspect" */ = {
			isa = XCRemoteSwiftPackageReference;
			repositoryURL = "https://github.com/siteline/SwiftUI-Introspect";
			requirement = {
				kind = upToNextMajorVersion;
				minimumVersion = 0.1.4;
			};
		};
		4D2C2F5B80D34FC89FDBF71D /* XCRemoteSwiftPackageReference "ActivityView" */ = {
			isa = XCRemoteSwiftPackageReference;
			repositoryURL = "https://github.com/SwiftUI-Plus/ActivityView";
			requirement = {
				kind = upToNextMajorVersion;
				minimumVersion = 1.2.0;
			};
		};
		87D4A291ECEED3A53B420734 /* XCRemoteSwiftPackageReference "Media" */ = {
			isa = XCRemoteSwiftPackageReference;
			repositoryURL = "https://github.com/schiewe/Media";
			requirement = {
				kind = revision;
				revision = f83a13a2c39ead8b7ae68b915bc97b42db1b16a0;
			};
		};
		D34D8BE20883C6D941996D18 /* XCRemoteSwiftPackageReference "KeyboardObserver" */ = {
			isa = XCRemoteSwiftPackageReference;
			repositoryURL = "https://github.com/timdonnelly/KeyboardObserver";
			requirement = {
				kind = upToNextMajorVersion;
				minimumVersion = 0.1.2;
			};
		};
		EEF7BD009E2608FC2C7A7F03 /* XCRemoteSwiftPackageReference "IMGLYEngine-SP" */ = {
			isa = XCRemoteSwiftPackageReference;
			repositoryURL = "https://github.com/imgly/IMGLYEngine-SP";
			requirement = {
				kind = upToNextMajorVersion;
				minimumVersion = 1.9.0;
			};
		};
/* End XCRemoteSwiftPackageReference section */

/* Begin XCSwiftPackageProductDependency section */
		1261A56FCE69A7A2A21F9CAB /* IMGLYEngine */ = {
			isa = XCSwiftPackageProductDependency;
			package = EEF7BD009E2608FC2C7A7F03 /* XCRemoteSwiftPackageReference "IMGLYEngine-SP" */;
			productName = IMGLYEngine;
		};
		1B3E01894120109F7DE03CB8 /* Introspect */ = {
			isa = XCSwiftPackageProductDependency;
			package = 4D2B057734A5412CF39C2B92 /* XCRemoteSwiftPackageReference "SwiftUI-Introspect" */;
			productName = Introspect;
		};
		50118933CCA23FF85773CFEA /* IMGLYEngine */ = {
			isa = XCSwiftPackageProductDependency;
			package = EEF7BD009E2608FC2C7A7F03 /* XCRemoteSwiftPackageReference "IMGLYEngine-SP" */;
			productName = IMGLYEngine;
		};
		B764477365185EBA8944387E /* ActivityView */ = {
			isa = XCSwiftPackageProductDependency;
			package = 4D2C2F5B80D34FC89FDBF71D /* XCRemoteSwiftPackageReference "ActivityView" */;
			productName = ActivityView;
		};
		DDDBEF35AF4F963F047D2C6B /* KeyboardObserver */ = {
			isa = XCSwiftPackageProductDependency;
			package = D34D8BE20883C6D941996D18 /* XCRemoteSwiftPackageReference "KeyboardObserver" */;
			productName = KeyboardObserver;
		};
		EAD82FE5511A7F71CCC81C25 /* Media */ = {
			isa = XCSwiftPackageProductDependency;
			package = 87D4A291ECEED3A53B420734 /* XCRemoteSwiftPackageReference "Media" */;
			productName = Media;
		};
		FAA5C98779456B21FB931E53 /* IMGLYEngine */ = {
			isa = XCSwiftPackageProductDependency;
			package = EEF7BD009E2608FC2C7A7F03 /* XCRemoteSwiftPackageReference "IMGLYEngine-SP" */;
			productName = IMGLYEngine;
		};
/* End XCSwiftPackageProductDependency section */
	};
	rootObject = AA8555A8977E7AA9B19540FE /* Project object */;
}
